// !$*UTF8*$!
{
	archiveVersion = 1;
	classes = {
	};
	objectVersion = 46;
	objects = {

/* Begin PBXBuildFile section */
		2F62CE561A89C21000046DA7 /* MineNode.swift in Sources */ = {isa = PBXBuildFile; fileRef = 2F62CE541A89C21000046DA7 /* MineNode.swift */; };
		2F62CE571A89C21000046DA7 /* MineThrowerNode.swift in Sources */ = {isa = PBXBuildFile; fileRef = 2F62CE551A89C21000046DA7 /* MineThrowerNode.swift */; };
		2F62CE591A89C25000046DA7 /* Level3Scene.swift in Sources */ = {isa = PBXBuildFile; fileRef = 2F62CE581A89C25000046DA7 /* Level3Scene.swift */; };
		2FC73DE11A912B690068A2FB /* BlizzParticle.sks in Resources */ = {isa = PBXBuildFile; fileRef = 2FC73DE01A912B690068A2FB /* BlizzParticle.sks */; };
		2FC73DE31A912CAA0068A2FB /* BlizzNode.swift in Sources */ = {isa = PBXBuildFile; fileRef = 2FC73DE21A912CAA0068A2FB /* BlizzNode.swift */; };
		2FC73DE51A912D980068A2FB /* Level4Scene.swift in Sources */ = {isa = PBXBuildFile; fileRef = 2FC73DE41A912D980068A2FB /* Level4Scene.swift */; };
		DC1F57C11A88087500B5027B /* AppDelegate.swift in Sources */ = {isa = PBXBuildFile; fileRef = DC27114F1A86A09D00986D2E /* AppDelegate.swift */; };
		DC1F580D1A882D3200B5027B /* MainMenuScene.swift in Sources */ = {isa = PBXBuildFile; fileRef = DC1F580C1A882D3200B5027B /* MainMenuScene.swift */; };
		DC1F580F1A886BB100B5027B /* Level2Scene.swift in Sources */ = {isa = PBXBuildFile; fileRef = DC1F580E1A886BB100B5027B /* Level2Scene.swift */; };
		DC1F58111A886EFC00B5027B /* BomberClass.swift in Sources */ = {isa = PBXBuildFile; fileRef = DC1F58101A886EFC00B5027B /* BomberClass.swift */; };
		DC1F58131A88703500B5027B /* Bomb.swift in Sources */ = {isa = PBXBuildFile; fileRef = DC1F58121A88703500B5027B /* Bomb.swift */; };
		DC1F581A1A88735300B5027B /* LightParticle.sks in Resources */ = {isa = PBXBuildFile; fileRef = DC1F58181A88735300B5027B /* LightParticle.sks */; };
		DC1F581B1A88735300B5027B /* spark.png in Resources */ = {isa = PBXBuildFile; fileRef = DC1F58191A88735300B5027B /* spark.png */; };
		DC2711231A85E11900986D2E /* Main.storyboard in Resources */ = {isa = PBXBuildFile; fileRef = DC2711211A85E11900986D2E /* Main.storyboard */; };
		DC2711251A85E11900986D2E /* Images.xcassets in Resources */ = {isa = PBXBuildFile; fileRef = DC2711241A85E11900986D2E /* Images.xcassets */; };
		DC2711281A85E11900986D2E /* LaunchScreen.xib in Resources */ = {isa = PBXBuildFile; fileRef = DC2711261A85E11900986D2E /* LaunchScreen.xib */; };
		DC2711341A85E11900986D2E /* RPGWARRIORTests.swift in Sources */ = {isa = PBXBuildFile; fileRef = DC2711331A85E11900986D2E /* RPGWARRIORTests.swift */; };
		DC27113E1A85E1AB00986D2E /* GameScene.swift in Sources */ = {isa = PBXBuildFile; fileRef = DC27113D1A85E1AB00986D2E /* GameScene.swift */; };
		DC2711421A85E1D300986D2E /* Utility.swift in Sources */ = {isa = PBXBuildFile; fileRef = DC2711411A85E1D300986D2E /* Utility.swift */; };
		DC2711441A85E1DE00986D2E /* WizardClass.swift in Sources */ = {isa = PBXBuildFile; fileRef = DC2711431A85E1DE00986D2E /* WizardClass.swift */; };
		DC2711461A85E1F500986D2E /* HeroClass.swift in Sources */ = {isa = PBXBuildFile; fileRef = DC2711451A85E1F500986D2E /* HeroClass.swift */; };
		DC2711481A85E26100986D2E /* GameViewController.swift in Sources */ = {isa = PBXBuildFile; fileRef = DC2711471A85E26100986D2E /* GameViewController.swift */; };
		DC27114A1A85E26C00986D2E /* Fireball.swift in Sources */ = {isa = PBXBuildFile; fileRef = DC2711491A85E26C00986D2E /* Fireball.swift */; };
		DC321B8D1AAB6810006E3F2B /* Beach_Background_1.png in Resources */ = {isa = PBXBuildFile; fileRef = DC321B3E1AAB6810006E3F2B /* Beach_Background_1.png */; };
		DC321B8E1AAB6810006E3F2B /* Clam_Boss_1.png in Resources */ = {isa = PBXBuildFile; fileRef = DC321B3F1AAB6810006E3F2B /* Clam_Boss_1.png */; };
		DC321B8F1AAB6810006E3F2B /* Clam_Boss_2.png in Resources */ = {isa = PBXBuildFile; fileRef = DC321B401AAB6810006E3F2B /* Clam_Boss_2.png */; };
		DC321B901AAB6810006E3F2B /* Clam_Boss_3.png in Resources */ = {isa = PBXBuildFile; fileRef = DC321B411AAB6810006E3F2B /* Clam_Boss_3.png */; };
		DC321B911AAB6810006E3F2B /* Clam_Boss_4.png in Resources */ = {isa = PBXBuildFile; fileRef = DC321B421AAB6810006E3F2B /* Clam_Boss_4.png */; };
		DC321B921AAB6810006E3F2B /* Clam_Boss_Rocking_1.png in Resources */ = {isa = PBXBuildFile; fileRef = DC321B431AAB6810006E3F2B /* Clam_Boss_Rocking_1.png */; };
		DC321B931AAB6810006E3F2B /* Clam_Boss_Rocking_2.png in Resources */ = {isa = PBXBuildFile; fileRef = DC321B441AAB6810006E3F2B /* Clam_Boss_Rocking_2.png */; };
		DC321B941AAB6810006E3F2B /* Clam_Boss_Rocking_3.png in Resources */ = {isa = PBXBuildFile; fileRef = DC321B451AAB6810006E3F2B /* Clam_Boss_Rocking_3.png */; };
		DC321B951AAB6810006E3F2B /* Clam_Boss_Rocking_4.png in Resources */ = {isa = PBXBuildFile; fileRef = DC321B461AAB6810006E3F2B /* Clam_Boss_Rocking_4.png */; };
		DC321B961AAB6810006E3F2B /* Clam_Boss_Rocking_5.png in Resources */ = {isa = PBXBuildFile; fileRef = DC321B471AAB6810006E3F2B /* Clam_Boss_Rocking_5.png */; };
		DC321B971AAB6810006E3F2B /* Clam_Boss_Rocking_6.png in Resources */ = {isa = PBXBuildFile; fileRef = DC321B481AAB6810006E3F2B /* Clam_Boss_Rocking_6.png */; };
		DC321B981AAB6810006E3F2B /* gem.png in Resources */ = {isa = PBXBuildFile; fileRef = DC321B491AAB6810006E3F2B /* gem.png */; };
		DC321B991AAB6810006E3F2B /* healthglobe.png in Resources */ = {isa = PBXBuildFile; fileRef = DC321B4A1AAB6810006E3F2B /* healthglobe.png */; };
		DC321B9A1AAB6810006E3F2B /* Kraken_Gets_Hurt_1.png in Resources */ = {isa = PBXBuildFile; fileRef = DC321B4B1AAB6810006E3F2B /* Kraken_Gets_Hurt_1.png */; };
		DC321B9B1AAB6810006E3F2B /* Kraken_Movement_1.png in Resources */ = {isa = PBXBuildFile; fileRef = DC321B4C1AAB6810006E3F2B /* Kraken_Movement_1.png */; };
		DC321B9C1AAB6810006E3F2B /* Kraken_Movement_10.png in Resources */ = {isa = PBXBuildFile; fileRef = DC321B4D1AAB6810006E3F2B /* Kraken_Movement_10.png */; };
		DC321B9D1AAB6810006E3F2B /* Kraken_Movement_2.png in Resources */ = {isa = PBXBuildFile; fileRef = DC321B4E1AAB6810006E3F2B /* Kraken_Movement_2.png */; };
		DC321B9E1AAB6810006E3F2B /* Kraken_Movement_3.png in Resources */ = {isa = PBXBuildFile; fileRef = DC321B4F1AAB6810006E3F2B /* Kraken_Movement_3.png */; };
		DC321B9F1AAB6810006E3F2B /* Kraken_Movement_4.png in Resources */ = {isa = PBXBuildFile; fileRef = DC321B501AAB6810006E3F2B /* Kraken_Movement_4.png */; };
		DC321BA01AAB6810006E3F2B /* Kraken_Movement_5.png in Resources */ = {isa = PBXBuildFile; fileRef = DC321B511AAB6810006E3F2B /* Kraken_Movement_5.png */; };
		DC321BA11AAB6810006E3F2B /* Kraken_Movement_6.png in Resources */ = {isa = PBXBuildFile; fileRef = DC321B521AAB6810006E3F2B /* Kraken_Movement_6.png */; };
		DC321BA21AAB6810006E3F2B /* Kraken_Movement_7.png in Resources */ = {isa = PBXBuildFile; fileRef = DC321B531AAB6810006E3F2B /* Kraken_Movement_7.png */; };
		DC321BA31AAB6810006E3F2B /* Kraken_Movement_8.png in Resources */ = {isa = PBXBuildFile; fileRef = DC321B541AAB6810006E3F2B /* Kraken_Movement_8.png */; };
		DC321BA41AAB6810006E3F2B /* Kraken_Movement_9.png in Resources */ = {isa = PBXBuildFile; fileRef = DC321B551AAB6810006E3F2B /* Kraken_Movement_9.png */; };
		DC321BA51AAB6810006E3F2B /* largerhealthglobe.png in Resources */ = {isa = PBXBuildFile; fileRef = DC321B561AAB6810006E3F2B /* largerhealthglobe.png */; };
		DC321BA61AAB6810006E3F2B /* level1armor.png in Resources */ = {isa = PBXBuildFile; fileRef = DC321B571AAB6810006E3F2B /* level1armor.png */; };
		DC321BA71AAB6810006E3F2B /* level1boots.png in Resources */ = {isa = PBXBuildFile; fileRef = DC321B581AAB6810006E3F2B /* level1boots.png */; };
		DC321BA81AAB6810006E3F2B /* level1setarmor.png in Resources */ = {isa = PBXBuildFile; fileRef = DC321B591AAB6810006E3F2B /* level1setarmor.png */; };
		DC321BA91AAB6810006E3F2B /* level1setboots.png in Resources */ = {isa = PBXBuildFile; fileRef = DC321B5A1AAB6810006E3F2B /* level1setboots.png */; };
		DC321BAA1AAB6810006E3F2B /* level2armor.png in Resources */ = {isa = PBXBuildFile; fileRef = DC321B5B1AAB6810006E3F2B /* level2armor.png */; };
		DC321BAB1AAB6810006E3F2B /* level2setarmor.png in Resources */ = {isa = PBXBuildFile; fileRef = DC321B5C1AAB6810006E3F2B /* level2setarmor.png */; };
		DC321BAC1AAB6810006E3F2B /* level2setboots.png in Resources */ = {isa = PBXBuildFile; fileRef = DC321B5D1AAB6810006E3F2B /* level2setboots.png */; };
		DC321BAD1AAB6810006E3F2B /* level2sword.png in Resources */ = {isa = PBXBuildFile; fileRef = DC321B5E1AAB6810006E3F2B /* level2sword.png */; };
		DC321BAE1AAB6810006E3F2B /* level3armor.png in Resources */ = {isa = PBXBuildFile; fileRef = DC321B5F1AAB6810006E3F2B /* level3armor.png */; };
		DC321BAF1AAB6810006E3F2B /* level3setarmor.png in Resources */ = {isa = PBXBuildFile; fileRef = DC321B601AAB6810006E3F2B /* level3setarmor.png */; };
		DC321BB01AAB6810006E3F2B /* level3setboots.png in Resources */ = {isa = PBXBuildFile; fileRef = DC321B611AAB6810006E3F2B /* level3setboots.png */; };
		DC321BB11AAB6810006E3F2B /* level3sword.png in Resources */ = {isa = PBXBuildFile; fileRef = DC321B621AAB6810006E3F2B /* level3sword.png */; };
		DC321BB21AAB6810006E3F2B /* level4armor.png in Resources */ = {isa = PBXBuildFile; fileRef = DC321B631AAB6810006E3F2B /* level4armor.png */; };
		DC321BB31AAB6810006E3F2B /* level4dagger.png in Resources */ = {isa = PBXBuildFile; fileRef = DC321B641AAB6810006E3F2B /* level4dagger.png */; };
		DC321BB41AAB6810006E3F2B /* level4setarmor.png in Resources */ = {isa = PBXBuildFile; fileRef = DC321B651AAB6810006E3F2B /* level4setarmor.png */; };
		DC321BB51AAB6810006E3F2B /* level4setboots.png in Resources */ = {isa = PBXBuildFile; fileRef = DC321B661AAB6810006E3F2B /* level4setboots.png */; };
		DC321BB61AAB6810006E3F2B /* level6dagger.png in Resources */ = {isa = PBXBuildFile; fileRef = DC321B671AAB6810006E3F2B /* level6dagger.png */; };
		DC321BB71AAB6810006E3F2B /* projectile_1@2x.png in Resources */ = {isa = PBXBuildFile; fileRef = DC321B681AAB6810006E3F2B /* projectile_1@2x.png */; };
		DC321BB81AAB6810006E3F2B /* projectile_2@2x.png in Resources */ = {isa = PBXBuildFile; fileRef = DC321B691AAB6810006E3F2B /* projectile_2@2x.png */; };
		DC321BB91AAB6810006E3F2B /* projectile_3@2x.png in Resources */ = {isa = PBXBuildFile; fileRef = DC321B6A1AAB6810006E3F2B /* projectile_3@2x.png */; };
		DC321BBA1AAB6810006E3F2B /* Seashell_1.png in Resources */ = {isa = PBXBuildFile; fileRef = DC321B6B1AAB6810006E3F2B /* Seashell_1.png */; };
		DC321BBB1AAB6810006E3F2B /* Seashell_2.png in Resources */ = {isa = PBXBuildFile; fileRef = DC321B6C1AAB6810006E3F2B /* Seashell_2.png */; };
		DC321BBC1AAB6810006E3F2B /* Seashell_3.png in Resources */ = {isa = PBXBuildFile; fileRef = DC321B6D1AAB6810006E3F2B /* Seashell_3.png */; };
		DC321BBD1AAB6810006E3F2B /* valgrind_desert_forest.png in Resources */ = {isa = PBXBuildFile; fileRef = DC321B6E1AAB6810006E3F2B /* valgrind_desert_forest.png */; };
		DC321BBE1AAB6810006E3F2B /* walkman1.png in Resources */ = {isa = PBXBuildFile; fileRef = DC321B6F1AAB6810006E3F2B /* walkman1.png */; };
		DC321BBF1AAB6810006E3F2B /* walkman2.png in Resources */ = {isa = PBXBuildFile; fileRef = DC321B701AAB6810006E3F2B /* walkman2.png */; };
		DC321BC01AAB6810006E3F2B /* walkman3.png in Resources */ = {isa = PBXBuildFile; fileRef = DC321B711AAB6810006E3F2B /* walkman3.png */; };
		DC321BC11AAB6810006E3F2B /* walkman4.png in Resources */ = {isa = PBXBuildFile; fileRef = DC321B721AAB6810006E3F2B /* walkman4.png */; };
		DC321BC21AAB6810006E3F2B /* walkman5.png in Resources */ = {isa = PBXBuildFile; fileRef = DC321B731AAB6810006E3F2B /* walkman5.png */; };
		DC321BC31AAB6810006E3F2B /* walkman6.png in Resources */ = {isa = PBXBuildFile; fileRef = DC321B741AAB6810006E3F2B /* walkman6.png */; };
		DC321BC41AAB6810006E3F2B /* wizard1.png in Resources */ = {isa = PBXBuildFile; fileRef = DC321B751AAB6810006E3F2B /* wizard1.png */; };
		DC321BC51AAB6810006E3F2B /* wizard10.png in Resources */ = {isa = PBXBuildFile; fileRef = DC321B761AAB6810006E3F2B /* wizard10.png */; };
		DC321BC61AAB6810006E3F2B /* wizard11.png in Resources */ = {isa = PBXBuildFile; fileRef = DC321B771AAB6810006E3F2B /* wizard11.png */; };
		DC321BC71AAB6810006E3F2B /* wizard12.png in Resources */ = {isa = PBXBuildFile; fileRef = DC321B781AAB6810006E3F2B /* wizard12.png */; };
		DC321BC81AAB6810006E3F2B /* wizard13.png in Resources */ = {isa = PBXBuildFile; fileRef = DC321B791AAB6810006E3F2B /* wizard13.png */; };
		DC321BC91AAB6810006E3F2B /* wizard14.png in Resources */ = {isa = PBXBuildFile; fileRef = DC321B7A1AAB6810006E3F2B /* wizard14.png */; };
		DC321BCA1AAB6810006E3F2B /* wizard15.png in Resources */ = {isa = PBXBuildFile; fileRef = DC321B7B1AAB6810006E3F2B /* wizard15.png */; };
		DC321BCB1AAB6810006E3F2B /* wizard16.png in Resources */ = {isa = PBXBuildFile; fileRef = DC321B7C1AAB6810006E3F2B /* wizard16.png */; };
		DC321BCC1AAB6810006E3F2B /* wizard17.png in Resources */ = {isa = PBXBuildFile; fileRef = DC321B7D1AAB6810006E3F2B /* wizard17.png */; };
		DC321BCD1AAB6810006E3F2B /* wizard18.png in Resources */ = {isa = PBXBuildFile; fileRef = DC321B7E1AAB6810006E3F2B /* wizard18.png */; };
		DC321BCE1AAB6810006E3F2B /* wizard19.png in Resources */ = {isa = PBXBuildFile; fileRef = DC321B7F1AAB6810006E3F2B /* wizard19.png */; };
		DC321BCF1AAB6810006E3F2B /* wizard2.png in Resources */ = {isa = PBXBuildFile; fileRef = DC321B801AAB6810006E3F2B /* wizard2.png */; };
		DC321BD01AAB6810006E3F2B /* wizard20.png in Resources */ = {isa = PBXBuildFile; fileRef = DC321B811AAB6810006E3F2B /* wizard20.png */; };
		DC321BD11AAB6810006E3F2B /* wizard21.png in Resources */ = {isa = PBXBuildFile; fileRef = DC321B821AAB6810006E3F2B /* wizard21.png */; };
		DC321BD21AAB6810006E3F2B /* wizard22.png in Resources */ = {isa = PBXBuildFile; fileRef = DC321B831AAB6810006E3F2B /* wizard22.png */; };
		DC321BD31AAB6810006E3F2B /* wizard23.png in Resources */ = {isa = PBXBuildFile; fileRef = DC321B841AAB6810006E3F2B /* wizard23.png */; };
		DC321BD41AAB6810006E3F2B /* wizard24.png in Resources */ = {isa = PBXBuildFile; fileRef = DC321B851AAB6810006E3F2B /* wizard24.png */; };
		DC321BD51AAB6810006E3F2B /* wizard3.png in Resources */ = {isa = PBXBuildFile; fileRef = DC321B861AAB6810006E3F2B /* wizard3.png */; };
		DC321BD61AAB6810006E3F2B /* wizard4.png in Resources */ = {isa = PBXBuildFile; fileRef = DC321B871AAB6810006E3F2B /* wizard4.png */; };
		DC321BD71AAB6810006E3F2B /* wizard5.png in Resources */ = {isa = PBXBuildFile; fileRef = DC321B881AAB6810006E3F2B /* wizard5.png */; };
		DC321BD81AAB6810006E3F2B /* wizard6.png in Resources */ = {isa = PBXBuildFile; fileRef = DC321B891AAB6810006E3F2B /* wizard6.png */; };
		DC321BD91AAB6810006E3F2B /* wizard7.png in Resources */ = {isa = PBXBuildFile; fileRef = DC321B8A1AAB6810006E3F2B /* wizard7.png */; };
		DC321BDA1AAB6810006E3F2B /* wizard8.png in Resources */ = {isa = PBXBuildFile; fileRef = DC321B8B1AAB6810006E3F2B /* wizard8.png */; };
		DC321BDB1AAB6810006E3F2B /* wizard9.png in Resources */ = {isa = PBXBuildFile; fileRef = DC321B8C1AAB6810006E3F2B /* wizard9.png */; };
		DC321BDD1AAB9D68006E3F2B /* MiniCrab.swift in Sources */ = {isa = PBXBuildFile; fileRef = DC321BDC1AAB9D68006E3F2B /* MiniCrab.swift */; };
		DCC4E3021A89760E000E5E89 /* Inventory.swift in Sources */ = {isa = PBXBuildFile; fileRef = DCC4E3011A89760E000E5E89 /* Inventory.swift */; };
		DCC4E3041A897671000E5E89 /* ItemSpaceNode.swift in Sources */ = {isa = PBXBuildFile; fileRef = DCC4E3031A897671000E5E89 /* ItemSpaceNode.swift */; };
		DCC4E3061A8976AB000E5E89 /* ItemClass.swift in Sources */ = {isa = PBXBuildFile; fileRef = DCC4E3051A8976AB000E5E89 /* ItemClass.swift */; };
		DCC4E30A1A8DB082000E5E89 /* level5Scene.swift in Sources */ = {isa = PBXBuildFile; fileRef = DCC4E3091A8DB082000E5E89 /* level5Scene.swift */; };
		DCC4E3791A8EEE59000E5E89 /* StoreScene.swift in Sources */ = {isa = PBXBuildFile; fileRef = DCC4E3781A8EEE59000E5E89 /* StoreScene.swift */; };
		DCC4E37B1A94EDED000E5E89 /* Block.swift in Sources */ = {isa = PBXBuildFile; fileRef = DCC4E37A1A94EDED000E5E89 /* Block.swift */; };
/* End PBXBuildFile section */

/* Begin PBXContainerItemProxy section */
		DC27112E1A85E11900986D2E /* PBXContainerItemProxy */ = {
			isa = PBXContainerItemProxy;
			containerPortal = DC27110C1A85E11800986D2E /* Project object */;
			proxyType = 1;
			remoteGlobalIDString = DC2711131A85E11900986D2E;
			remoteInfo = RPGWARRIOR;
		};
/* End PBXContainerItemProxy section */

/* Begin PBXFileReference section */
		2F62CE541A89C21000046DA7 /* MineNode.swift */ = {isa = PBXFileReference; fileEncoding = 4; lastKnownFileType = sourcecode.swift; path = MineNode.swift; sourceTree = "<group>"; };
		2F62CE551A89C21000046DA7 /* MineThrowerNode.swift */ = {isa = PBXFileReference; fileEncoding = 4; lastKnownFileType = sourcecode.swift; path = MineThrowerNode.swift; sourceTree = "<group>"; };
		2F62CE581A89C25000046DA7 /* Level3Scene.swift */ = {isa = PBXFileReference; fileEncoding = 4; lastKnownFileType = sourcecode.swift; path = Level3Scene.swift; sourceTree = "<group>"; };
		2FC73DE01A912B690068A2FB /* BlizzParticle.sks */ = {isa = PBXFileReference; lastKnownFileType = file.sks; path = BlizzParticle.sks; sourceTree = "<group>"; };
		2FC73DE21A912CAA0068A2FB /* BlizzNode.swift */ = {isa = PBXFileReference; fileEncoding = 4; lastKnownFileType = sourcecode.swift; path = BlizzNode.swift; sourceTree = "<group>"; };
		2FC73DE41A912D980068A2FB /* Level4Scene.swift */ = {isa = PBXFileReference; fileEncoding = 4; lastKnownFileType = sourcecode.swift; path = Level4Scene.swift; sourceTree = "<group>"; };
		DC1F580C1A882D3200B5027B /* MainMenuScene.swift */ = {isa = PBXFileReference; fileEncoding = 4; lastKnownFileType = sourcecode.swift; path = MainMenuScene.swift; sourceTree = "<group>"; };
		DC1F580E1A886BB100B5027B /* Level2Scene.swift */ = {isa = PBXFileReference; fileEncoding = 4; lastKnownFileType = sourcecode.swift; path = Level2Scene.swift; sourceTree = "<group>"; };
		DC1F58101A886EFC00B5027B /* BomberClass.swift */ = {isa = PBXFileReference; fileEncoding = 4; lastKnownFileType = sourcecode.swift; path = BomberClass.swift; sourceTree = "<group>"; };
		DC1F58121A88703500B5027B /* Bomb.swift */ = {isa = PBXFileReference; fileEncoding = 4; lastKnownFileType = sourcecode.swift; path = Bomb.swift; sourceTree = "<group>"; };
		DC1F58181A88735300B5027B /* LightParticle.sks */ = {isa = PBXFileReference; lastKnownFileType = file.sks; path = LightParticle.sks; sourceTree = "<group>"; };
		DC1F58191A88735300B5027B /* spark.png */ = {isa = PBXFileReference; lastKnownFileType = image.png; path = spark.png; sourceTree = "<group>"; };
		DC2711141A85E11900986D2E /* RPGWARRIOR.app */ = {isa = PBXFileReference; explicitFileType = wrapper.application; includeInIndex = 0; path = RPGWARRIOR.app; sourceTree = BUILT_PRODUCTS_DIR; };
		DC2711181A85E11900986D2E /* Info.plist */ = {isa = PBXFileReference; lastKnownFileType = text.plist.xml; path = Info.plist; sourceTree = "<group>"; };
		DC2711221A85E11900986D2E /* Base */ = {isa = PBXFileReference; lastKnownFileType = file.storyboard; name = Base; path = Base.lproj/Main.storyboard; sourceTree = "<group>"; };
		DC2711241A85E11900986D2E /* Images.xcassets */ = {isa = PBXFileReference; lastKnownFileType = folder.assetcatalog; path = Images.xcassets; sourceTree = "<group>"; };
		DC2711271A85E11900986D2E /* Base */ = {isa = PBXFileReference; lastKnownFileType = file.xib; name = Base; path = Base.lproj/LaunchScreen.xib; sourceTree = "<group>"; };
		DC27112D1A85E11900986D2E /* RPGWARRIORTests.xctest */ = {isa = PBXFileReference; explicitFileType = wrapper.cfbundle; includeInIndex = 0; path = RPGWARRIORTests.xctest; sourceTree = BUILT_PRODUCTS_DIR; };
		DC2711321A85E11900986D2E /* Info.plist */ = {isa = PBXFileReference; lastKnownFileType = text.plist.xml; path = Info.plist; sourceTree = "<group>"; };
		DC2711331A85E11900986D2E /* RPGWARRIORTests.swift */ = {isa = PBXFileReference; lastKnownFileType = sourcecode.swift; path = RPGWARRIORTests.swift; sourceTree = "<group>"; };
		DC27113D1A85E1AB00986D2E /* GameScene.swift */ = {isa = PBXFileReference; fileEncoding = 4; lastKnownFileType = sourcecode.swift; path = GameScene.swift; sourceTree = "<group>"; };
		DC2711411A85E1D300986D2E /* Utility.swift */ = {isa = PBXFileReference; fileEncoding = 4; lastKnownFileType = sourcecode.swift; path = Utility.swift; sourceTree = "<group>"; };
		DC2711431A85E1DE00986D2E /* WizardClass.swift */ = {isa = PBXFileReference; fileEncoding = 4; lastKnownFileType = sourcecode.swift; path = WizardClass.swift; sourceTree = "<group>"; };
		DC2711451A85E1F500986D2E /* HeroClass.swift */ = {isa = PBXFileReference; fileEncoding = 4; lastKnownFileType = sourcecode.swift; path = HeroClass.swift; sourceTree = "<group>"; };
		DC2711471A85E26100986D2E /* GameViewController.swift */ = {isa = PBXFileReference; fileEncoding = 4; lastKnownFileType = sourcecode.swift; path = GameViewController.swift; sourceTree = "<group>"; };
		DC2711491A85E26C00986D2E /* Fireball.swift */ = {isa = PBXFileReference; fileEncoding = 4; lastKnownFileType = sourcecode.swift; path = Fireball.swift; sourceTree = "<group>"; };
		DC27114F1A86A09D00986D2E /* AppDelegate.swift */ = {isa = PBXFileReference; fileEncoding = 4; lastKnownFileType = sourcecode.swift; path = AppDelegate.swift; sourceTree = "<group>"; };
		DC321B3E1AAB6810006E3F2B /* Beach_Background_1.png */ = {isa = PBXFileReference; lastKnownFileType = image.png; path = Beach_Background_1.png; sourceTree = "<group>"; };
		DC321B3F1AAB6810006E3F2B /* Clam_Boss_1.png */ = {isa = PBXFileReference; lastKnownFileType = image.png; path = Clam_Boss_1.png; sourceTree = "<group>"; };
		DC321B401AAB6810006E3F2B /* Clam_Boss_2.png */ = {isa = PBXFileReference; lastKnownFileType = image.png; path = Clam_Boss_2.png; sourceTree = "<group>"; };
		DC321B411AAB6810006E3F2B /* Clam_Boss_3.png */ = {isa = PBXFileReference; lastKnownFileType = image.png; path = Clam_Boss_3.png; sourceTree = "<group>"; };
		DC321B421AAB6810006E3F2B /* Clam_Boss_4.png */ = {isa = PBXFileReference; lastKnownFileType = image.png; path = Clam_Boss_4.png; sourceTree = "<group>"; };
		DC321B431AAB6810006E3F2B /* Clam_Boss_Rocking_1.png */ = {isa = PBXFileReference; lastKnownFileType = image.png; path = Clam_Boss_Rocking_1.png; sourceTree = "<group>"; };
		DC321B441AAB6810006E3F2B /* Clam_Boss_Rocking_2.png */ = {isa = PBXFileReference; lastKnownFileType = image.png; path = Clam_Boss_Rocking_2.png; sourceTree = "<group>"; };
		DC321B451AAB6810006E3F2B /* Clam_Boss_Rocking_3.png */ = {isa = PBXFileReference; lastKnownFileType = image.png; path = Clam_Boss_Rocking_3.png; sourceTree = "<group>"; };
		DC321B461AAB6810006E3F2B /* Clam_Boss_Rocking_4.png */ = {isa = PBXFileReference; lastKnownFileType = image.png; path = Clam_Boss_Rocking_4.png; sourceTree = "<group>"; };
		DC321B471AAB6810006E3F2B /* Clam_Boss_Rocking_5.png */ = {isa = PBXFileReference; lastKnownFileType = image.png; path = Clam_Boss_Rocking_5.png; sourceTree = "<group>"; };
		DC321B481AAB6810006E3F2B /* Clam_Boss_Rocking_6.png */ = {isa = PBXFileReference; lastKnownFileType = image.png; path = Clam_Boss_Rocking_6.png; sourceTree = "<group>"; };
		DC321B491AAB6810006E3F2B /* gem.png */ = {isa = PBXFileReference; lastKnownFileType = image.png; path = gem.png; sourceTree = "<group>"; };
		DC321B4A1AAB6810006E3F2B /* healthglobe.png */ = {isa = PBXFileReference; lastKnownFileType = image.png; path = healthglobe.png; sourceTree = "<group>"; };
		DC321B4B1AAB6810006E3F2B /* Kraken_Gets_Hurt_1.png */ = {isa = PBXFileReference; lastKnownFileType = image.png; path = Kraken_Gets_Hurt_1.png; sourceTree = "<group>"; };
		DC321B4C1AAB6810006E3F2B /* Kraken_Movement_1.png */ = {isa = PBXFileReference; lastKnownFileType = image.png; path = Kraken_Movement_1.png; sourceTree = "<group>"; };
		DC321B4D1AAB6810006E3F2B /* Kraken_Movement_10.png */ = {isa = PBXFileReference; lastKnownFileType = image.png; path = Kraken_Movement_10.png; sourceTree = "<group>"; };
		DC321B4E1AAB6810006E3F2B /* Kraken_Movement_2.png */ = {isa = PBXFileReference; lastKnownFileType = image.png; path = Kraken_Movement_2.png; sourceTree = "<group>"; };
		DC321B4F1AAB6810006E3F2B /* Kraken_Movement_3.png */ = {isa = PBXFileReference; lastKnownFileType = image.png; path = Kraken_Movement_3.png; sourceTree = "<group>"; };
		DC321B501AAB6810006E3F2B /* Kraken_Movement_4.png */ = {isa = PBXFileReference; lastKnownFileType = image.png; path = Kraken_Movement_4.png; sourceTree = "<group>"; };
		DC321B511AAB6810006E3F2B /* Kraken_Movement_5.png */ = {isa = PBXFileReference; lastKnownFileType = image.png; path = Kraken_Movement_5.png; sourceTree = "<group>"; };
		DC321B521AAB6810006E3F2B /* Kraken_Movement_6.png */ = {isa = PBXFileReference; lastKnownFileType = image.png; path = Kraken_Movement_6.png; sourceTree = "<group>"; };
		DC321B531AAB6810006E3F2B /* Kraken_Movement_7.png */ = {isa = PBXFileReference; lastKnownFileType = image.png; path = Kraken_Movement_7.png; sourceTree = "<group>"; };
		DC321B541AAB6810006E3F2B /* Kraken_Movement_8.png */ = {isa = PBXFileReference; lastKnownFileType = image.png; path = Kraken_Movement_8.png; sourceTree = "<group>"; };
		DC321B551AAB6810006E3F2B /* Kraken_Movement_9.png */ = {isa = PBXFileReference; lastKnownFileType = image.png; path = Kraken_Movement_9.png; sourceTree = "<group>"; };
		DC321B561AAB6810006E3F2B /* largerhealthglobe.png */ = {isa = PBXFileReference; lastKnownFileType = image.png; path = largerhealthglobe.png; sourceTree = "<group>"; };
		DC321B571AAB6810006E3F2B /* level1armor.png */ = {isa = PBXFileReference; lastKnownFileType = image.png; path = level1armor.png; sourceTree = "<group>"; };
		DC321B581AAB6810006E3F2B /* level1boots.png */ = {isa = PBXFileReference; lastKnownFileType = image.png; path = level1boots.png; sourceTree = "<group>"; };
		DC321B591AAB6810006E3F2B /* level1setarmor.png */ = {isa = PBXFileReference; lastKnownFileType = image.png; path = level1setarmor.png; sourceTree = "<group>"; };
		DC321B5A1AAB6810006E3F2B /* level1setboots.png */ = {isa = PBXFileReference; lastKnownFileType = image.png; path = level1setboots.png; sourceTree = "<group>"; };
		DC321B5B1AAB6810006E3F2B /* level2armor.png */ = {isa = PBXFileReference; lastKnownFileType = image.png; path = level2armor.png; sourceTree = "<group>"; };
		DC321B5C1AAB6810006E3F2B /* level2setarmor.png */ = {isa = PBXFileReference; lastKnownFileType = image.png; path = level2setarmor.png; sourceTree = "<group>"; };
		DC321B5D1AAB6810006E3F2B /* level2setboots.png */ = {isa = PBXFileReference; lastKnownFileType = image.png; path = level2setboots.png; sourceTree = "<group>"; };
		DC321B5E1AAB6810006E3F2B /* level2sword.png */ = {isa = PBXFileReference; lastKnownFileType = image.png; path = level2sword.png; sourceTree = "<group>"; };
		DC321B5F1AAB6810006E3F2B /* level3armor.png */ = {isa = PBXFileReference; lastKnownFileType = image.png; path = level3armor.png; sourceTree = "<group>"; };
		DC321B601AAB6810006E3F2B /* level3setarmor.png */ = {isa = PBXFileReference; lastKnownFileType = image.png; path = level3setarmor.png; sourceTree = "<group>"; };
		DC321B611AAB6810006E3F2B /* level3setboots.png */ = {isa = PBXFileReference; lastKnownFileType = image.png; path = level3setboots.png; sourceTree = "<group>"; };
		DC321B621AAB6810006E3F2B /* level3sword.png */ = {isa = PBXFileReference; lastKnownFileType = image.png; path = level3sword.png; sourceTree = "<group>"; };
		DC321B631AAB6810006E3F2B /* level4armor.png */ = {isa = PBXFileReference; lastKnownFileType = image.png; path = level4armor.png; sourceTree = "<group>"; };
		DC321B641AAB6810006E3F2B /* level4dagger.png */ = {isa = PBXFileReference; lastKnownFileType = image.png; path = level4dagger.png; sourceTree = "<group>"; };
		DC321B651AAB6810006E3F2B /* level4setarmor.png */ = {isa = PBXFileReference; lastKnownFileType = image.png; path = level4setarmor.png; sourceTree = "<group>"; };
		DC321B661AAB6810006E3F2B /* level4setboots.png */ = {isa = PBXFileReference; lastKnownFileType = image.png; path = level4setboots.png; sourceTree = "<group>"; };
		DC321B671AAB6810006E3F2B /* level6dagger.png */ = {isa = PBXFileReference; lastKnownFileType = image.png; path = level6dagger.png; sourceTree = "<group>"; };
		DC321B681AAB6810006E3F2B /* projectile_1@2x.png */ = {isa = PBXFileReference; lastKnownFileType = image.png; path = "projectile_1@2x.png"; sourceTree = "<group>"; };
		DC321B691AAB6810006E3F2B /* projectile_2@2x.png */ = {isa = PBXFileReference; lastKnownFileType = image.png; path = "projectile_2@2x.png"; sourceTree = "<group>"; };
		DC321B6A1AAB6810006E3F2B /* projectile_3@2x.png */ = {isa = PBXFileReference; lastKnownFileType = image.png; path = "projectile_3@2x.png"; sourceTree = "<group>"; };
		DC321B6B1AAB6810006E3F2B /* Seashell_1.png */ = {isa = PBXFileReference; lastKnownFileType = image.png; path = Seashell_1.png; sourceTree = "<group>"; };
		DC321B6C1AAB6810006E3F2B /* Seashell_2.png */ = {isa = PBXFileReference; lastKnownFileType = image.png; path = Seashell_2.png; sourceTree = "<group>"; };
		DC321B6D1AAB6810006E3F2B /* Seashell_3.png */ = {isa = PBXFileReference; lastKnownFileType = image.png; path = Seashell_3.png; sourceTree = "<group>"; };
		DC321B6E1AAB6810006E3F2B /* valgrind_desert_forest.png */ = {isa = PBXFileReference; lastKnownFileType = image.png; path = valgrind_desert_forest.png; sourceTree = "<group>"; };
		DC321B6F1AAB6810006E3F2B /* walkman1.png */ = {isa = PBXFileReference; lastKnownFileType = image.png; path = walkman1.png; sourceTree = "<group>"; };
		DC321B701AAB6810006E3F2B /* walkman2.png */ = {isa = PBXFileReference; lastKnownFileType = image.png; path = walkman2.png; sourceTree = "<group>"; };
		DC321B711AAB6810006E3F2B /* walkman3.png */ = {isa = PBXFileReference; lastKnownFileType = image.png; path = walkman3.png; sourceTree = "<group>"; };
		DC321B721AAB6810006E3F2B /* walkman4.png */ = {isa = PBXFileReference; lastKnownFileType = image.png; path = walkman4.png; sourceTree = "<group>"; };
		DC321B731AAB6810006E3F2B /* walkman5.png */ = {isa = PBXFileReference; lastKnownFileType = image.png; path = walkman5.png; sourceTree = "<group>"; };
		DC321B741AAB6810006E3F2B /* walkman6.png */ = {isa = PBXFileReference; lastKnownFileType = image.png; path = walkman6.png; sourceTree = "<group>"; };
		DC321B751AAB6810006E3F2B /* wizard1.png */ = {isa = PBXFileReference; lastKnownFileType = image.png; path = wizard1.png; sourceTree = "<group>"; };
		DC321B761AAB6810006E3F2B /* wizard10.png */ = {isa = PBXFileReference; lastKnownFileType = image.png; path = wizard10.png; sourceTree = "<group>"; };
		DC321B771AAB6810006E3F2B /* wizard11.png */ = {isa = PBXFileReference; lastKnownFileType = image.png; path = wizard11.png; sourceTree = "<group>"; };
		DC321B781AAB6810006E3F2B /* wizard12.png */ = {isa = PBXFileReference; lastKnownFileType = image.png; path = wizard12.png; sourceTree = "<group>"; };
		DC321B791AAB6810006E3F2B /* wizard13.png */ = {isa = PBXFileReference; lastKnownFileType = image.png; path = wizard13.png; sourceTree = "<group>"; };
		DC321B7A1AAB6810006E3F2B /* wizard14.png */ = {isa = PBXFileReference; lastKnownFileType = image.png; path = wizard14.png; sourceTree = "<group>"; };
		DC321B7B1AAB6810006E3F2B /* wizard15.png */ = {isa = PBXFileReference; lastKnownFileType = image.png; path = wizard15.png; sourceTree = "<group>"; };
		DC321B7C1AAB6810006E3F2B /* wizard16.png */ = {isa = PBXFileReference; lastKnownFileType = image.png; path = wizard16.png; sourceTree = "<group>"; };
		DC321B7D1AAB6810006E3F2B /* wizard17.png */ = {isa = PBXFileReference; lastKnownFileType = image.png; path = wizard17.png; sourceTree = "<group>"; };
		DC321B7E1AAB6810006E3F2B /* wizard18.png */ = {isa = PBXFileReference; lastKnownFileType = image.png; path = wizard18.png; sourceTree = "<group>"; };
		DC321B7F1AAB6810006E3F2B /* wizard19.png */ = {isa = PBXFileReference; lastKnownFileType = image.png; path = wizard19.png; sourceTree = "<group>"; };
		DC321B801AAB6810006E3F2B /* wizard2.png */ = {isa = PBXFileReference; lastKnownFileType = image.png; path = wizard2.png; sourceTree = "<group>"; };
		DC321B811AAB6810006E3F2B /* wizard20.png */ = {isa = PBXFileReference; lastKnownFileType = image.png; path = wizard20.png; sourceTree = "<group>"; };
		DC321B821AAB6810006E3F2B /* wizard21.png */ = {isa = PBXFileReference; lastKnownFileType = image.png; path = wizard21.png; sourceTree = "<group>"; };
		DC321B831AAB6810006E3F2B /* wizard22.png */ = {isa = PBXFileReference; lastKnownFileType = image.png; path = wizard22.png; sourceTree = "<group>"; };
		DC321B841AAB6810006E3F2B /* wizard23.png */ = {isa = PBXFileReference; lastKnownFileType = image.png; path = wizard23.png; sourceTree = "<group>"; };
		DC321B851AAB6810006E3F2B /* wizard24.png */ = {isa = PBXFileReference; lastKnownFileType = image.png; path = wizard24.png; sourceTree = "<group>"; };
		DC321B861AAB6810006E3F2B /* wizard3.png */ = {isa = PBXFileReference; lastKnownFileType = image.png; path = wizard3.png; sourceTree = "<group>"; };
		DC321B871AAB6810006E3F2B /* wizard4.png */ = {isa = PBXFileReference; lastKnownFileType = image.png; path = wizard4.png; sourceTree = "<group>"; };
		DC321B881AAB6810006E3F2B /* wizard5.png */ = {isa = PBXFileReference; lastKnownFileType = image.png; path = wizard5.png; sourceTree = "<group>"; };
		DC321B891AAB6810006E3F2B /* wizard6.png */ = {isa = PBXFileReference; lastKnownFileType = image.png; path = wizard6.png; sourceTree = "<group>"; };
		DC321B8A1AAB6810006E3F2B /* wizard7.png */ = {isa = PBXFileReference; lastKnownFileType = image.png; path = wizard7.png; sourceTree = "<group>"; };
		DC321B8B1AAB6810006E3F2B /* wizard8.png */ = {isa = PBXFileReference; lastKnownFileType = image.png; path = wizard8.png; sourceTree = "<group>"; };
		DC321B8C1AAB6810006E3F2B /* wizard9.png */ = {isa = PBXFileReference; lastKnownFileType = image.png; path = wizard9.png; sourceTree = "<group>"; };
		DC321BDC1AAB9D68006E3F2B /* MiniCrab.swift */ = {isa = PBXFileReference; fileEncoding = 4; lastKnownFileType = sourcecode.swift; path = MiniCrab.swift; sourceTree = "<group>"; };
		DCC4E3011A89760E000E5E89 /* Inventory.swift */ = {isa = PBXFileReference; fileEncoding = 4; lastKnownFileType = sourcecode.swift; path = Inventory.swift; sourceTree = "<group>"; };
		DCC4E3031A897671000E5E89 /* ItemSpaceNode.swift */ = {isa = PBXFileReference; fileEncoding = 4; lastKnownFileType = sourcecode.swift; path = ItemSpaceNode.swift; sourceTree = "<group>"; };
		DCC4E3051A8976AB000E5E89 /* ItemClass.swift */ = {isa = PBXFileReference; fileEncoding = 4; lastKnownFileType = sourcecode.swift; path = ItemClass.swift; sourceTree = "<group>"; };
		DCC4E3091A8DB082000E5E89 /* level5Scene.swift */ = {isa = PBXFileReference; fileEncoding = 4; lastKnownFileType = sourcecode.swift; name = level5Scene.swift; path = Rpg7/level5Scene.swift; sourceTree = "<group>"; };
		DCC4E3781A8EEE59000E5E89 /* StoreScene.swift */ = {isa = PBXFileReference; fileEncoding = 4; lastKnownFileType = sourcecode.swift; path = StoreScene.swift; sourceTree = "<group>"; };
		DCC4E37A1A94EDED000E5E89 /* Block.swift */ = {isa = PBXFileReference; fileEncoding = 4; lastKnownFileType = sourcecode.swift; name = Block.swift; path = Rpg8/Block.swift; sourceTree = "<group>"; };
/* End PBXFileReference section */

/* Begin PBXFrameworksBuildPhase section */
		DC2711111A85E11900986D2E /* Frameworks */ = {
			isa = PBXFrameworksBuildPhase;
			buildActionMask = 2147483647;
			files = (
			);
			runOnlyForDeploymentPostprocessing = 0;
		};
		DC27112A1A85E11900986D2E /* Frameworks */ = {
			isa = PBXFrameworksBuildPhase;
			buildActionMask = 2147483647;
			files = (
			);
			runOnlyForDeploymentPostprocessing = 0;
		};
/* End PBXFrameworksBuildPhase section */

/* Begin PBXGroup section */
		DC27110B1A85E11800986D2E = {
			isa = PBXGroup;
			children = (
				DC2711161A85E11900986D2E /* RPGWARRIOR */,
				DC2711301A85E11900986D2E /* RPGWARRIORTests */,
				DC2711151A85E11900986D2E /* Products */,
			);
			sourceTree = "<group>";
		};
		DC2711151A85E11900986D2E /* Products */ = {
			isa = PBXGroup;
			children = (
				DC2711141A85E11900986D2E /* RPGWARRIOR.app */,
				DC27112D1A85E11900986D2E /* RPGWARRIORTests.xctest */,
			);
			name = Products;
			sourceTree = "<group>";
		};
		DC2711161A85E11900986D2E /* RPGWARRIOR */ = {
			isa = PBXGroup;
			children = (
				DC321B3D1AAB6810006E3F2B /* Rpg9 */,
				DC2711491A85E26C00986D2E /* Fireball.swift */,
				2FC73DE21A912CAA0068A2FB /* BlizzNode.swift */,
				DCC4E37A1A94EDED000E5E89 /* Block.swift */,
				DCC4E3031A897671000E5E89 /* ItemSpaceNode.swift */,
				DCC4E3051A8976AB000E5E89 /* ItemClass.swift */,
				DC1F58121A88703500B5027B /* Bomb.swift */,
				DC1F58101A886EFC00B5027B /* BomberClass.swift */,
				DC27114F1A86A09D00986D2E /* AppDelegate.swift */,
				DC2711471A85E26100986D2E /* GameViewController.swift */,
				DC2711451A85E1F500986D2E /* HeroClass.swift */,
				DC2711411A85E1D300986D2E /* Utility.swift */,
				DC1F580C1A882D3200B5027B /* MainMenuScene.swift */,
				DC2711431A85E1DE00986D2E /* WizardClass.swift */,
				2F62CE541A89C21000046DA7 /* MineNode.swift */,
				2F62CE551A89C21000046DA7 /* MineThrowerNode.swift */,
				DC321BDC1AAB9D68006E3F2B /* MiniCrab.swift */,
				DCC4E3011A89760E000E5E89 /* Inventory.swift */,
				DC27113D1A85E1AB00986D2E /* GameScene.swift */,
				DCC4E3781A8EEE59000E5E89 /* StoreScene.swift */,
				DC1F580E1A886BB100B5027B /* Level2Scene.swift */,
				2F62CE581A89C25000046DA7 /* Level3Scene.swift */,
				2FC73DE41A912D980068A2FB /* Level4Scene.swift */,
				DCC4E3091A8DB082000E5E89 /* level5Scene.swift */,
				DC2711211A85E11900986D2E /* Main.storyboard */,
				DC2711241A85E11900986D2E /* Images.xcassets */,
				DC2711261A85E11900986D2E /* LaunchScreen.xib */,
				DC2711171A85E11900986D2E /* Supporting Files */,
				DC1F58181A88735300B5027B /* LightParticle.sks */,
				2FC73DE01A912B690068A2FB /* BlizzParticle.sks */,
				DC1F58191A88735300B5027B /* spark.png */,
			);
			path = RPGWARRIOR;
			sourceTree = "<group>";
		};
		DC2711171A85E11900986D2E /* Supporting Files */ = {
			isa = PBXGroup;
			children = (
				DC2711181A85E11900986D2E /* Info.plist */,
			);
			name = "Supporting Files";
			sourceTree = "<group>";
		};
		DC2711301A85E11900986D2E /* RPGWARRIORTests */ = {
			isa = PBXGroup;
			children = (
				DC2711331A85E11900986D2E /* RPGWARRIORTests.swift */,
				DC2711311A85E11900986D2E /* Supporting Files */,
			);
			path = RPGWARRIORTests;
			sourceTree = "<group>";
		};
		DC2711311A85E11900986D2E /* Supporting Files */ = {
			isa = PBXGroup;
			children = (
				DC2711321A85E11900986D2E /* Info.plist */,
			);
			name = "Supporting Files";
			sourceTree = "<group>";
		};
		DC321B3D1AAB6810006E3F2B /* Rpg9 */ = {
			isa = PBXGroup;
			children = (
				DC321B3E1AAB6810006E3F2B /* Beach_Background_1.png */,
				DC321B3F1AAB6810006E3F2B /* Clam_Boss_1.png */,
				DC321B401AAB6810006E3F2B /* Clam_Boss_2.png */,
				DC321B411AAB6810006E3F2B /* Clam_Boss_3.png */,
				DC321B421AAB6810006E3F2B /* Clam_Boss_4.png */,
				DC321B431AAB6810006E3F2B /* Clam_Boss_Rocking_1.png */,
				DC321B441AAB6810006E3F2B /* Clam_Boss_Rocking_2.png */,
				DC321B451AAB6810006E3F2B /* Clam_Boss_Rocking_3.png */,
				DC321B461AAB6810006E3F2B /* Clam_Boss_Rocking_4.png */,
				DC321B471AAB6810006E3F2B /* Clam_Boss_Rocking_5.png */,
				DC321B481AAB6810006E3F2B /* Clam_Boss_Rocking_6.png */,
				DC321B491AAB6810006E3F2B /* gem.png */,
				DC321B4A1AAB6810006E3F2B /* healthglobe.png */,
				DC321B4B1AAB6810006E3F2B /* Kraken_Gets_Hurt_1.png */,
				DC321B4C1AAB6810006E3F2B /* Kraken_Movement_1.png */,
				DC321B4D1AAB6810006E3F2B /* Kraken_Movement_10.png */,
				DC321B4E1AAB6810006E3F2B /* Kraken_Movement_2.png */,
				DC321B4F1AAB6810006E3F2B /* Kraken_Movement_3.png */,
				DC321B501AAB6810006E3F2B /* Kraken_Movement_4.png */,
				DC321B511AAB6810006E3F2B /* Kraken_Movement_5.png */,
				DC321B521AAB6810006E3F2B /* Kraken_Movement_6.png */,
				DC321B531AAB6810006E3F2B /* Kraken_Movement_7.png */,
				DC321B541AAB6810006E3F2B /* Kraken_Movement_8.png */,
				DC321B551AAB6810006E3F2B /* Kraken_Movement_9.png */,
				DC321B561AAB6810006E3F2B /* largerhealthglobe.png */,
				DC321B571AAB6810006E3F2B /* level1armor.png */,
				DC321B581AAB6810006E3F2B /* level1boots.png */,
				DC321B591AAB6810006E3F2B /* level1setarmor.png */,
				DC321B5A1AAB6810006E3F2B /* level1setboots.png */,
				DC321B5B1AAB6810006E3F2B /* level2armor.png */,
				DC321B5C1AAB6810006E3F2B /* level2setarmor.png */,
				DC321B5D1AAB6810006E3F2B /* level2setboots.png */,
				DC321B5E1AAB6810006E3F2B /* level2sword.png */,
				DC321B5F1AAB6810006E3F2B /* level3armor.png */,
				DC321B601AAB6810006E3F2B /* level3setarmor.png */,
				DC321B611AAB6810006E3F2B /* level3setboots.png */,
				DC321B621AAB6810006E3F2B /* level3sword.png */,
				DC321B631AAB6810006E3F2B /* level4armor.png */,
				DC321B641AAB6810006E3F2B /* level4dagger.png */,
				DC321B651AAB6810006E3F2B /* level4setarmor.png */,
				DC321B661AAB6810006E3F2B /* level4setboots.png */,
				DC321B671AAB6810006E3F2B /* level6dagger.png */,
				DC321B681AAB6810006E3F2B /* projectile_1@2x.png */,
				DC321B691AAB6810006E3F2B /* projectile_2@2x.png */,
				DC321B6A1AAB6810006E3F2B /* projectile_3@2x.png */,
				DC321B6B1AAB6810006E3F2B /* Seashell_1.png */,
				DC321B6C1AAB6810006E3F2B /* Seashell_2.png */,
				DC321B6D1AAB6810006E3F2B /* Seashell_3.png */,
				DC321B6E1AAB6810006E3F2B /* valgrind_desert_forest.png */,
				DC321B6F1AAB6810006E3F2B /* walkman1.png */,
				DC321B701AAB6810006E3F2B /* walkman2.png */,
				DC321B711AAB6810006E3F2B /* walkman3.png */,
				DC321B721AAB6810006E3F2B /* walkman4.png */,
				DC321B731AAB6810006E3F2B /* walkman5.png */,
				DC321B741AAB6810006E3F2B /* walkman6.png */,
				DC321B751AAB6810006E3F2B /* wizard1.png */,
				DC321B761AAB6810006E3F2B /* wizard10.png */,
				DC321B771AAB6810006E3F2B /* wizard11.png */,
				DC321B781AAB6810006E3F2B /* wizard12.png */,
				DC321B791AAB6810006E3F2B /* wizard13.png */,
				DC321B7A1AAB6810006E3F2B /* wizard14.png */,
				DC321B7B1AAB6810006E3F2B /* wizard15.png */,
				DC321B7C1AAB6810006E3F2B /* wizard16.png */,
				DC321B7D1AAB6810006E3F2B /* wizard17.png */,
				DC321B7E1AAB6810006E3F2B /* wizard18.png */,
				DC321B7F1AAB6810006E3F2B /* wizard19.png */,
				DC321B801AAB6810006E3F2B /* wizard2.png */,
				DC321B811AAB6810006E3F2B /* wizard20.png */,
				DC321B821AAB6810006E3F2B /* wizard21.png */,
				DC321B831AAB6810006E3F2B /* wizard22.png */,
				DC321B841AAB6810006E3F2B /* wizard23.png */,
				DC321B851AAB6810006E3F2B /* wizard24.png */,
				DC321B861AAB6810006E3F2B /* wizard3.png */,
				DC321B871AAB6810006E3F2B /* wizard4.png */,
				DC321B881AAB6810006E3F2B /* wizard5.png */,
				DC321B891AAB6810006E3F2B /* wizard6.png */,
				DC321B8A1AAB6810006E3F2B /* wizard7.png */,
				DC321B8B1AAB6810006E3F2B /* wizard8.png */,
				DC321B8C1AAB6810006E3F2B /* wizard9.png */,
			);
			path = Rpg9;
			sourceTree = "<group>";
		};
/* End PBXGroup section */

/* Begin PBXNativeTarget section */
		DC2711131A85E11900986D2E /* RPGWARRIOR */ = {
			isa = PBXNativeTarget;
			buildConfigurationList = DC2711371A85E11900986D2E /* Build configuration list for PBXNativeTarget "RPGWARRIOR" */;
			buildPhases = (
				DC2711101A85E11900986D2E /* Sources */,
				DC2711111A85E11900986D2E /* Frameworks */,
				DC2711121A85E11900986D2E /* Resources */,
			);
			buildRules = (
			);
			dependencies = (
			);
			name = RPGWARRIOR;
			productName = RPGWARRIOR;
			productReference = DC2711141A85E11900986D2E /* RPGWARRIOR.app */;
			productType = "com.apple.product-type.application";
		};
		DC27112C1A85E11900986D2E /* RPGWARRIORTests */ = {
			isa = PBXNativeTarget;
			buildConfigurationList = DC27113A1A85E11900986D2E /* Build configuration list for PBXNativeTarget "RPGWARRIORTests" */;
			buildPhases = (
				DC2711291A85E11900986D2E /* Sources */,
				DC27112A1A85E11900986D2E /* Frameworks */,
				DC27112B1A85E11900986D2E /* Resources */,
			);
			buildRules = (
			);
			dependencies = (
				DC27112F1A85E11900986D2E /* PBXTargetDependency */,
			);
			name = RPGWARRIORTests;
			productName = RPGWARRIORTests;
			productReference = DC27112D1A85E11900986D2E /* RPGWARRIORTests.xctest */;
			productType = "com.apple.product-type.bundle.unit-test";
		};
/* End PBXNativeTarget section */

/* Begin PBXProject section */
		DC27110C1A85E11800986D2E /* Project object */ = {
			isa = PBXProject;
			attributes = {
				LastUpgradeCheck = 0610;
				ORGANIZATIONNAME = "Drew Zoellner";
				TargetAttributes = {
					DC2711131A85E11900986D2E = {
						CreatedOnToolsVersion = 6.1.1;
					};
					DC27112C1A85E11900986D2E = {
						CreatedOnToolsVersion = 6.1.1;
						TestTargetID = DC2711131A85E11900986D2E;
					};
				};
			};
			buildConfigurationList = DC27110F1A85E11800986D2E /* Build configuration list for PBXProject "RPGWARRIOR" */;
			compatibilityVersion = "Xcode 3.2";
			developmentRegion = English;
			hasScannedForEncodings = 0;
			knownRegions = (
				en,
				Base,
			);
			mainGroup = DC27110B1A85E11800986D2E;
			productRefGroup = DC2711151A85E11900986D2E /* Products */;
			projectDirPath = "";
			projectRoot = "";
			targets = (
				DC2711131A85E11900986D2E /* RPGWARRIOR */,
				DC27112C1A85E11900986D2E /* RPGWARRIORTests */,
			);
		};
/* End PBXProject section */

/* Begin PBXResourcesBuildPhase section */
		DC2711121A85E11900986D2E /* Resources */ = {
			isa = PBXResourcesBuildPhase;
			buildActionMask = 2147483647;
			files = (
				DC321B9E1AAB6810006E3F2B /* Kraken_Movement_3.png in Resources */,
				DC2711281A85E11900986D2E /* LaunchScreen.xib in Resources */,
				DC321BD31AAB6810006E3F2B /* wizard23.png in Resources */,
				DC321BD61AAB6810006E3F2B /* wizard4.png in Resources */,
				DC321BA01AAB6810006E3F2B /* Kraken_Movement_5.png in Resources */,
				DC321B921AAB6810006E3F2B /* Clam_Boss_Rocking_1.png in Resources */,
				DC321BD71AAB6810006E3F2B /* wizard5.png in Resources */,
				DC321BC31AAB6810006E3F2B /* walkman6.png in Resources */,
				DC321BBB1AAB6810006E3F2B /* Seashell_2.png in Resources */,
				DC321BA91AAB6810006E3F2B /* level1setboots.png in Resources */,
				DC321BA21AAB6810006E3F2B /* Kraken_Movement_7.png in Resources */,
				DC321BAD1AAB6810006E3F2B /* level2sword.png in Resources */,
				DC321BB01AAB6810006E3F2B /* level3setboots.png in Resources */,
				DC321BAC1AAB6810006E3F2B /* level2setboots.png in Resources */,
				DC321B9F1AAB6810006E3F2B /* Kraken_Movement_4.png in Resources */,
				DC321BC41AAB6810006E3F2B /* wizard1.png in Resources */,
				DC321B8D1AAB6810006E3F2B /* Beach_Background_1.png in Resources */,
				DC321BB61AAB6810006E3F2B /* level6dagger.png in Resources */,
				2FC73DE11A912B690068A2FB /* BlizzParticle.sks in Resources */,
				DC321BBC1AAB6810006E3F2B /* Seashell_3.png in Resources */,
				DC321BD91AAB6810006E3F2B /* wizard7.png in Resources */,
				DC1F581A1A88735300B5027B /* LightParticle.sks in Resources */,
				DC321B9A1AAB6810006E3F2B /* Kraken_Gets_Hurt_1.png in Resources */,
				DC321B8F1AAB6810006E3F2B /* Clam_Boss_2.png in Resources */,
				DC321B9C1AAB6810006E3F2B /* Kraken_Movement_10.png in Resources */,
				DC321BC21AAB6810006E3F2B /* walkman5.png in Resources */,
				DC321BA61AAB6810006E3F2B /* level1armor.png in Resources */,
				DC321BB81AAB6810006E3F2B /* projectile_2@2x.png in Resources */,
				DC321BD21AAB6810006E3F2B /* wizard22.png in Resources */,
				DC321B9D1AAB6810006E3F2B /* Kraken_Movement_2.png in Resources */,
				DC321B901AAB6810006E3F2B /* Clam_Boss_3.png in Resources */,
				DC321BCE1AAB6810006E3F2B /* wizard19.png in Resources */,
				DC321BA81AAB6810006E3F2B /* level1setarmor.png in Resources */,
				DC321B931AAB6810006E3F2B /* Clam_Boss_Rocking_2.png in Resources */,
				DC321BB11AAB6810006E3F2B /* level3sword.png in Resources */,
				DC321BB51AAB6810006E3F2B /* level4setboots.png in Resources */,
				DC321BB31AAB6810006E3F2B /* level4dagger.png in Resources */,
				DC321BD11AAB6810006E3F2B /* wizard21.png in Resources */,
				DC321BBF1AAB6810006E3F2B /* walkman2.png in Resources */,
				DC321BC71AAB6810006E3F2B /* wizard12.png in Resources */,
				DC2711251A85E11900986D2E /* Images.xcassets in Resources */,
				DC321BB91AAB6810006E3F2B /* projectile_3@2x.png in Resources */,
				DC321BCB1AAB6810006E3F2B /* wizard16.png in Resources */,
				DC321BA51AAB6810006E3F2B /* largerhealthglobe.png in Resources */,
				DC321BAE1AAB6810006E3F2B /* level3armor.png in Resources */,
				DC321B8E1AAB6810006E3F2B /* Clam_Boss_1.png in Resources */,
				DC321BD81AAB6810006E3F2B /* wizard6.png in Resources */,
				DC321BBD1AAB6810006E3F2B /* valgrind_desert_forest.png in Resources */,
				DC321BD41AAB6810006E3F2B /* wizard24.png in Resources */,
				DC321BCF1AAB6810006E3F2B /* wizard2.png in Resources */,
				DC321BB71AAB6810006E3F2B /* projectile_1@2x.png in Resources */,
				DC2711231A85E11900986D2E /* Main.storyboard in Resources */,
				DC321BC91AAB6810006E3F2B /* wizard14.png in Resources */,
				DC321BDB1AAB6810006E3F2B /* wizard9.png in Resources */,
				DC321BB21AAB6810006E3F2B /* level4armor.png in Resources */,
				DC321BAB1AAB6810006E3F2B /* level2setarmor.png in Resources */,
				DC321BA41AAB6810006E3F2B /* Kraken_Movement_9.png in Resources */,
				DC321BC81AAB6810006E3F2B /* wizard13.png in Resources */,
				DC321BD51AAB6810006E3F2B /* wizard3.png in Resources */,
				DC321B971AAB6810006E3F2B /* Clam_Boss_Rocking_6.png in Resources */,
				DC321BA11AAB6810006E3F2B /* Kraken_Movement_6.png in Resources */,
				DC321BAA1AAB6810006E3F2B /* level2armor.png in Resources */,
				DC321BD01AAB6810006E3F2B /* wizard20.png in Resources */,
				DC321BA71AAB6810006E3F2B /* level1boots.png in Resources */,
				DC1F581B1A88735300B5027B /* spark.png in Resources */,
				DC321BB41AAB6810006E3F2B /* level4setarmor.png in Resources */,
				DC321BBA1AAB6810006E3F2B /* Seashell_1.png in Resources */,
				DC321BC61AAB6810006E3F2B /* wizard11.png in Resources */,
				DC321BCA1AAB6810006E3F2B /* wizard15.png in Resources */,
				DC321B911AAB6810006E3F2B /* Clam_Boss_4.png in Resources */,
				DC321B9B1AAB6810006E3F2B /* Kraken_Movement_1.png in Resources */,
				DC321BC11AAB6810006E3F2B /* walkman4.png in Resources */,
				DC321BC01AAB6810006E3F2B /* walkman3.png in Resources */,
				DC321BAF1AAB6810006E3F2B /* level3setarmor.png in Resources */,
				DC321B961AAB6810006E3F2B /* Clam_Boss_Rocking_5.png in Resources */,
				DC321BCC1AAB6810006E3F2B /* wizard17.png in Resources */,
				DC321BDA1AAB6810006E3F2B /* wizard8.png in Resources */,
				DC321BCD1AAB6810006E3F2B /* wizard18.png in Resources */,
				DC321B981AAB6810006E3F2B /* gem.png in Resources */,
				DC321BBE1AAB6810006E3F2B /* walkman1.png in Resources */,
				DC321BA31AAB6810006E3F2B /* Kraken_Movement_8.png in Resources */,
				DC321B951AAB6810006E3F2B /* Clam_Boss_Rocking_4.png in Resources */,
				DC321B991AAB6810006E3F2B /* healthglobe.png in Resources */,
				DC321B941AAB6810006E3F2B /* Clam_Boss_Rocking_3.png in Resources */,
				DC321BC51AAB6810006E3F2B /* wizard10.png in Resources */,
			);
			runOnlyForDeploymentPostprocessing = 0;
		};
		DC27112B1A85E11900986D2E /* Resources */ = {
			isa = PBXResourcesBuildPhase;
			buildActionMask = 2147483647;
			files = (
			);
			runOnlyForDeploymentPostprocessing = 0;
		};
/* End PBXResourcesBuildPhase section */

/* Begin PBXSourcesBuildPhase section */
		DC2711101A85E11900986D2E /* Sources */ = {
			isa = PBXSourcesBuildPhase;
			buildActionMask = 2147483647;
			files = (
				DCC4E3021A89760E000E5E89 /* Inventory.swift in Sources */,
				DCC4E37B1A94EDED000E5E89 /* Block.swift in Sources */,
				2F62CE561A89C21000046DA7 /* MineNode.swift in Sources */,
				DC27114A1A85E26C00986D2E /* Fireball.swift in Sources */,
				2FC73DE31A912CAA0068A2FB /* BlizzNode.swift in Sources */,
				DC2711461A85E1F500986D2E /* HeroClass.swift in Sources */,
				DC2711421A85E1D300986D2E /* Utility.swift in Sources */,
				DC1F58111A886EFC00B5027B /* BomberClass.swift in Sources */,
				DC321BDD1AAB9D68006E3F2B /* MiniCrab.swift in Sources */,
				2F62CE591A89C25000046DA7 /* Level3Scene.swift in Sources */,
				DCC4E3041A897671000E5E89 /* ItemSpaceNode.swift in Sources */,
				DC1F580F1A886BB100B5027B /* Level2Scene.swift in Sources */,
				2FC73DE51A912D980068A2FB /* Level4Scene.swift in Sources */,
				DCC4E3061A8976AB000E5E89 /* ItemClass.swift in Sources */,
				DC27113E1A85E1AB00986D2E /* GameScene.swift in Sources */,
				2F62CE571A89C21000046DA7 /* MineThrowerNode.swift in Sources */,
				DC1F57C11A88087500B5027B /* AppDelegate.swift in Sources */,
				DCC4E3791A8EEE59000E5E89 /* StoreScene.swift in Sources */,
				DC2711441A85E1DE00986D2E /* WizardClass.swift in Sources */,
				DC1F58131A88703500B5027B /* Bomb.swift in Sources */,
				DCC4E30A1A8DB082000E5E89 /* level5Scene.swift in Sources */,
				DC1F580D1A882D3200B5027B /* MainMenuScene.swift in Sources */,
				DC2711481A85E26100986D2E /* GameViewController.swift in Sources */,
			);
			runOnlyForDeploymentPostprocessing = 0;
		};
		DC2711291A85E11900986D2E /* Sources */ = {
			isa = PBXSourcesBuildPhase;
			buildActionMask = 2147483647;
			files = (
				DC2711341A85E11900986D2E /* RPGWARRIORTests.swift in Sources */,
			);
			runOnlyForDeploymentPostprocessing = 0;
		};
/* End PBXSourcesBuildPhase section */

/* Begin PBXTargetDependency section */
		DC27112F1A85E11900986D2E /* PBXTargetDependency */ = {
			isa = PBXTargetDependency;
			target = DC2711131A85E11900986D2E /* RPGWARRIOR */;
			targetProxy = DC27112E1A85E11900986D2E /* PBXContainerItemProxy */;
		};
/* End PBXTargetDependency section */

/* Begin PBXVariantGroup section */
		DC2711211A85E11900986D2E /* Main.storyboard */ = {
			isa = PBXVariantGroup;
			children = (
				DC2711221A85E11900986D2E /* Base */,
			);
			name = Main.storyboard;
			sourceTree = "<group>";
		};
		DC2711261A85E11900986D2E /* LaunchScreen.xib */ = {
			isa = PBXVariantGroup;
			children = (
				DC2711271A85E11900986D2E /* Base */,
			);
			name = LaunchScreen.xib;
			sourceTree = "<group>";
		};
/* End PBXVariantGroup section */

/* Begin XCBuildConfiguration section */
		DC2711351A85E11900986D2E /* Debug */ = {
			isa = XCBuildConfiguration;
			buildSettings = {
				ALWAYS_SEARCH_USER_PATHS = NO;
				CLANG_CXX_LANGUAGE_STANDARD = "gnu++0x";
				CLANG_CXX_LIBRARY = "libc++";
				CLANG_ENABLE_MODULES = YES;
				CLANG_ENABLE_OBJC_ARC = YES;
				CLANG_WARN_BOOL_CONVERSION = YES;
				CLANG_WARN_CONSTANT_CONVERSION = YES;
				CLANG_WARN_DIRECT_OBJC_ISA_USAGE = YES_ERROR;
				CLANG_WARN_EMPTY_BODY = YES;
				CLANG_WARN_ENUM_CONVERSION = YES;
				CLANG_WARN_INT_CONVERSION = YES;
				CLANG_WARN_OBJC_ROOT_CLASS = YES_ERROR;
				CLANG_WARN_UNREACHABLE_CODE = YES;
				CLANG_WARN__DUPLICATE_METHOD_MATCH = YES;
				"CODE_SIGN_IDENTITY[sdk=iphoneos*]" = "iPhone Developer";
				COPY_PHASE_STRIP = NO;
				ENABLE_STRICT_OBJC_MSGSEND = YES;
				GCC_C_LANGUAGE_STANDARD = gnu99;
				GCC_DYNAMIC_NO_PIC = NO;
				GCC_OPTIMIZATION_LEVEL = 0;
				GCC_PREPROCESSOR_DEFINITIONS = (
					"DEBUG=1",
					"$(inherited)",
				);
				GCC_SYMBOLS_PRIVATE_EXTERN = NO;
				GCC_WARN_64_TO_32_BIT_CONVERSION = YES;
				GCC_WARN_ABOUT_RETURN_TYPE = YES_ERROR;
				GCC_WARN_UNDECLARED_SELECTOR = YES;
				GCC_WARN_UNINITIALIZED_AUTOS = YES_AGGRESSIVE;
				GCC_WARN_UNUSED_FUNCTION = YES;
				GCC_WARN_UNUSED_VARIABLE = YES;
				IPHONEOS_DEPLOYMENT_TARGET = 8.1;
				MTL_ENABLE_DEBUG_INFO = YES;
				ONLY_ACTIVE_ARCH = YES;
				SDKROOT = iphoneos;
				SWIFT_OPTIMIZATION_LEVEL = "-Onone";
				TARGETED_DEVICE_FAMILY = "1,2";
			};
			name = Debug;
		};
		DC2711361A85E11900986D2E /* Release */ = {
			isa = XCBuildConfiguration;
			buildSettings = {
				ALWAYS_SEARCH_USER_PATHS = NO;
				CLANG_CXX_LANGUAGE_STANDARD = "gnu++0x";
				CLANG_CXX_LIBRARY = "libc++";
				CLANG_ENABLE_MODULES = YES;
				CLANG_ENABLE_OBJC_ARC = YES;
				CLANG_WARN_BOOL_CONVERSION = YES;
				CLANG_WARN_CONSTANT_CONVERSION = YES;
				CLANG_WARN_DIRECT_OBJC_ISA_USAGE = YES_ERROR;
				CLANG_WARN_EMPTY_BODY = YES;
				CLANG_WARN_ENUM_CONVERSION = YES;
				CLANG_WARN_INT_CONVERSION = YES;
				CLANG_WARN_OBJC_ROOT_CLASS = YES_ERROR;
				CLANG_WARN_UNREACHABLE_CODE = YES;
				CLANG_WARN__DUPLICATE_METHOD_MATCH = YES;
				"CODE_SIGN_IDENTITY[sdk=iphoneos*]" = "iPhone Developer";
				COPY_PHASE_STRIP = YES;
				ENABLE_NS_ASSERTIONS = NO;
				ENABLE_STRICT_OBJC_MSGSEND = YES;
				GCC_C_LANGUAGE_STANDARD = gnu99;
				GCC_WARN_64_TO_32_BIT_CONVERSION = YES;
				GCC_WARN_ABOUT_RETURN_TYPE = YES_ERROR;
				GCC_WARN_UNDECLARED_SELECTOR = YES;
				GCC_WARN_UNINITIALIZED_AUTOS = YES_AGGRESSIVE;
				GCC_WARN_UNUSED_FUNCTION = YES;
				GCC_WARN_UNUSED_VARIABLE = YES;
				IPHONEOS_DEPLOYMENT_TARGET = 8.1;
				MTL_ENABLE_DEBUG_INFO = NO;
				SDKROOT = iphoneos;
				TARGETED_DEVICE_FAMILY = "1,2";
				VALIDATE_PRODUCT = YES;
			};
			name = Release;
		};
		DC2711381A85E11900986D2E /* Debug */ = {
			isa = XCBuildConfiguration;
			buildSettings = {
				ASSETCATALOG_COMPILER_APPICON_NAME = AppIcon;
				INFOPLIST_FILE = RPGWARRIOR/Info.plist;
				LD_RUNPATH_SEARCH_PATHS = "$(inherited) @executable_path/Frameworks";
				PRODUCT_NAME = "$(TARGET_NAME)";
			};
			name = Debug;
		};
		DC2711391A85E11900986D2E /* Release */ = {
			isa = XCBuildConfiguration;
			buildSettings = {
				ASSETCATALOG_COMPILER_APPICON_NAME = AppIcon;
				INFOPLIST_FILE = RPGWARRIOR/Info.plist;
				LD_RUNPATH_SEARCH_PATHS = "$(inherited) @executable_path/Frameworks";
				PRODUCT_NAME = "$(TARGET_NAME)";
			};
			name = Release;
		};
		DC27113B1A85E11900986D2E /* Debug */ = {
			isa = XCBuildConfiguration;
			buildSettings = {
				BUNDLE_LOADER = "$(TEST_HOST)";
				FRAMEWORK_SEARCH_PATHS = (
					"$(SDKROOT)/Developer/Library/Frameworks",
					"$(inherited)",
				);
				GCC_PREPROCESSOR_DEFINITIONS = (
					"DEBUG=1",
					"$(inherited)",
				);
				INFOPLIST_FILE = RPGWARRIORTests/Info.plist;
				LD_RUNPATH_SEARCH_PATHS = "$(inherited) @executable_path/Frameworks @loader_path/Frameworks";
				PRODUCT_NAME = "$(TARGET_NAME)";
				TEST_HOST = "$(BUILT_PRODUCTS_DIR)/RPGWARRIOR.app/RPGWARRIOR";
			};
			name = Debug;
		};
		DC27113C1A85E11900986D2E /* Release */ = {
			isa = XCBuildConfiguration;
			buildSettings = {
				BUNDLE_LOADER = "$(TEST_HOST)";
				FRAMEWORK_SEARCH_PATHS = (
					"$(SDKROOT)/Developer/Library/Frameworks",
					"$(inherited)",
				);
				INFOPLIST_FILE = RPGWARRIORTests/Info.plist;
				LD_RUNPATH_SEARCH_PATHS = "$(inherited) @executable_path/Frameworks @loader_path/Frameworks";
				PRODUCT_NAME = "$(TARGET_NAME)";
				TEST_HOST = "$(BUILT_PRODUCTS_DIR)/RPGWARRIOR.app/RPGWARRIOR";
			};
			name = Release;
		};
/* End XCBuildConfiguration section */

/* Begin XCConfigurationList section */
		DC27110F1A85E11800986D2E /* Build configuration list for PBXProject "RPGWARRIOR" */ = {
			isa = XCConfigurationList;
			buildConfigurations = (
				DC2711351A85E11900986D2E /* Debug */,
				DC2711361A85E11900986D2E /* Release */,
			);
			defaultConfigurationIsVisible = 0;
			defaultConfigurationName = Release;
		};
		DC2711371A85E11900986D2E /* Build configuration list for PBXNativeTarget "RPGWARRIOR" */ = {
			isa = XCConfigurationList;
			buildConfigurations = (
				DC2711381A85E11900986D2E /* Debug */,
				DC2711391A85E11900986D2E /* Release */,
			);
			defaultConfigurationIsVisible = 0;
			defaultConfigurationName = Release;
		};
		DC27113A1A85E11900986D2E /* Build configuration list for PBXNativeTarget "RPGWARRIORTests" */ = {
			isa = XCConfigurationList;
			buildConfigurations = (
				DC27113B1A85E11900986D2E /* Debug */,
				DC27113C1A85E11900986D2E /* Release */,
			);
			defaultConfigurationIsVisible = 0;
			defaultConfigurationName = Release;
		};
/* End XCConfigurationList section */
	};
	rootObject = DC27110C1A85E11800986D2E /* Project object */;
}
