// !$*UTF8*$!
{
	archiveVersion = 1;
	classes = {
	};
	objectVersion = 46;
	objects = {

/* Begin PBXBuildFile section */
		2F62CE561A89C21000046DA7 /* MineNode.swift in Sources */ = {isa = PBXBuildFile; fileRef = 2F62CE541A89C21000046DA7 /* MineNode.swift */; };
		2F62CE571A89C21000046DA7 /* MineThrowerNode.swift in Sources */ = {isa = PBXBuildFile; fileRef = 2F62CE551A89C21000046DA7 /* MineThrowerNode.swift */; };
		2F62CE591A89C25000046DA7 /* Level3Scene.swift in Sources */ = {isa = PBXBuildFile; fileRef = 2F62CE581A89C25000046DA7 /* Level3Scene.swift */; };
		DC1F57C11A88087500B5027B /* AppDelegate.swift in Sources */ = {isa = PBXBuildFile; fileRef = DC27114F1A86A09D00986D2E /* AppDelegate.swift */; };
		DC1F580D1A882D3200B5027B /* MainMenuScene.swift in Sources */ = {isa = PBXBuildFile; fileRef = DC1F580C1A882D3200B5027B /* MainMenuScene.swift */; };
		DC1F580F1A886BB100B5027B /* Level2Scene.swift in Sources */ = {isa = PBXBuildFile; fileRef = DC1F580E1A886BB100B5027B /* Level2Scene.swift */; };
		DC1F58111A886EFC00B5027B /* BomberClass.swift in Sources */ = {isa = PBXBuildFile; fileRef = DC1F58101A886EFC00B5027B /* BomberClass.swift */; };
		DC1F58131A88703500B5027B /* Bomb.swift in Sources */ = {isa = PBXBuildFile; fileRef = DC1F58121A88703500B5027B /* Bomb.swift */; };
		DC1F581A1A88735300B5027B /* LightParticle.sks in Resources */ = {isa = PBXBuildFile; fileRef = DC1F58181A88735300B5027B /* LightParticle.sks */; };
		DC1F581B1A88735300B5027B /* spark.png in Resources */ = {isa = PBXBuildFile; fileRef = DC1F58191A88735300B5027B /* spark.png */; };
		DC2711231A85E11900986D2E /* Main.storyboard in Resources */ = {isa = PBXBuildFile; fileRef = DC2711211A85E11900986D2E /* Main.storyboard */; };
		DC2711251A85E11900986D2E /* Images.xcassets in Resources */ = {isa = PBXBuildFile; fileRef = DC2711241A85E11900986D2E /* Images.xcassets */; };
		DC2711281A85E11900986D2E /* LaunchScreen.xib in Resources */ = {isa = PBXBuildFile; fileRef = DC2711261A85E11900986D2E /* LaunchScreen.xib */; };
		DC2711341A85E11900986D2E /* RPGWARRIORTests.swift in Sources */ = {isa = PBXBuildFile; fileRef = DC2711331A85E11900986D2E /* RPGWARRIORTests.swift */; };
		DC27113E1A85E1AB00986D2E /* GameScene.swift in Sources */ = {isa = PBXBuildFile; fileRef = DC27113D1A85E1AB00986D2E /* GameScene.swift */; };
		DC2711421A85E1D300986D2E /* Utility.swift in Sources */ = {isa = PBXBuildFile; fileRef = DC2711411A85E1D300986D2E /* Utility.swift */; };
		DC2711441A85E1DE00986D2E /* WizardClass.swift in Sources */ = {isa = PBXBuildFile; fileRef = DC2711431A85E1DE00986D2E /* WizardClass.swift */; };
		DC2711461A85E1F500986D2E /* HeroClass.swift in Sources */ = {isa = PBXBuildFile; fileRef = DC2711451A85E1F500986D2E /* HeroClass.swift */; };
		DC2711481A85E26100986D2E /* GameViewController.swift in Sources */ = {isa = PBXBuildFile; fileRef = DC2711471A85E26100986D2E /* GameViewController.swift */; };
		DC27114A1A85E26C00986D2E /* Fireball.swift in Sources */ = {isa = PBXBuildFile; fileRef = DC2711491A85E26C00986D2E /* Fireball.swift */; };
		DCC4E3021A89760E000E5E89 /* Inventory.swift in Sources */ = {isa = PBXBuildFile; fileRef = DCC4E3011A89760E000E5E89 /* Inventory.swift */; };
		DCC4E3041A897671000E5E89 /* ItemSpaceNode.swift in Sources */ = {isa = PBXBuildFile; fileRef = DCC4E3031A897671000E5E89 /* ItemSpaceNode.swift */; };
		DCC4E3061A8976AB000E5E89 /* ItemClass.swift in Sources */ = {isa = PBXBuildFile; fileRef = DCC4E3051A8976AB000E5E89 /* ItemClass.swift */; };
		DCC4E30A1A8DB082000E5E89 /* level5Scene.swift in Sources */ = {isa = PBXBuildFile; fileRef = DCC4E3091A8DB082000E5E89 /* level5Scene.swift */; };
		DCC4E3421A8E8DFE000E5E89 /* gem.png in Resources */ = {isa = PBXBuildFile; fileRef = DCC4E30C1A8E8DFE000E5E89 /* gem.png */; };
		DCC4E3431A8E8DFE000E5E89 /* healthglobe.png in Resources */ = {isa = PBXBuildFile; fileRef = DCC4E30D1A8E8DFE000E5E89 /* healthglobe.png */; };
		DCC4E3441A8E8DFE000E5E89 /* largerhealthglobe.png in Resources */ = {isa = PBXBuildFile; fileRef = DCC4E30E1A8E8DFE000E5E89 /* largerhealthglobe.png */; };
		DCC4E3451A8E8DFE000E5E89 /* level1armor.png in Resources */ = {isa = PBXBuildFile; fileRef = DCC4E30F1A8E8DFE000E5E89 /* level1armor.png */; };
		DCC4E3461A8E8DFE000E5E89 /* level1boots.png in Resources */ = {isa = PBXBuildFile; fileRef = DCC4E3101A8E8DFE000E5E89 /* level1boots.png */; };
		DCC4E3471A8E8DFE000E5E89 /* level1setarmor.png in Resources */ = {isa = PBXBuildFile; fileRef = DCC4E3111A8E8DFE000E5E89 /* level1setarmor.png */; };
		DCC4E3481A8E8DFE000E5E89 /* level1setboots.png in Resources */ = {isa = PBXBuildFile; fileRef = DCC4E3121A8E8DFE000E5E89 /* level1setboots.png */; };
		DCC4E3491A8E8DFE000E5E89 /* level2armor.png in Resources */ = {isa = PBXBuildFile; fileRef = DCC4E3131A8E8DFE000E5E89 /* level2armor.png */; };
		DCC4E34A1A8E8DFE000E5E89 /* level2setarmor.png in Resources */ = {isa = PBXBuildFile; fileRef = DCC4E3141A8E8DFE000E5E89 /* level2setarmor.png */; };
		DCC4E34B1A8E8DFE000E5E89 /* level2setboots.png in Resources */ = {isa = PBXBuildFile; fileRef = DCC4E3151A8E8DFE000E5E89 /* level2setboots.png */; };
		DCC4E34C1A8E8DFE000E5E89 /* level2sword.png in Resources */ = {isa = PBXBuildFile; fileRef = DCC4E3161A8E8DFE000E5E89 /* level2sword.png */; };
		DCC4E34D1A8E8DFE000E5E89 /* level3armor.png in Resources */ = {isa = PBXBuildFile; fileRef = DCC4E3171A8E8DFE000E5E89 /* level3armor.png */; };
		DCC4E34E1A8E8DFE000E5E89 /* level3setarmor.png in Resources */ = {isa = PBXBuildFile; fileRef = DCC4E3181A8E8DFE000E5E89 /* level3setarmor.png */; };
		DCC4E34F1A8E8DFE000E5E89 /* level3setboots.png in Resources */ = {isa = PBXBuildFile; fileRef = DCC4E3191A8E8DFE000E5E89 /* level3setboots.png */; };
		DCC4E3501A8E8DFE000E5E89 /* level3sword.png in Resources */ = {isa = PBXBuildFile; fileRef = DCC4E31A1A8E8DFE000E5E89 /* level3sword.png */; };
		DCC4E3511A8E8DFE000E5E89 /* level4armor.png in Resources */ = {isa = PBXBuildFile; fileRef = DCC4E31B1A8E8DFE000E5E89 /* level4armor.png */; };
		DCC4E3521A8E8DFE000E5E89 /* level4dagger.png in Resources */ = {isa = PBXBuildFile; fileRef = DCC4E31C1A8E8DFE000E5E89 /* level4dagger.png */; };
		DCC4E3531A8E8DFE000E5E89 /* level4setarmor.png in Resources */ = {isa = PBXBuildFile; fileRef = DCC4E31D1A8E8DFE000E5E89 /* level4setarmor.png */; };
		DCC4E3541A8E8DFE000E5E89 /* level4setboots.png in Resources */ = {isa = PBXBuildFile; fileRef = DCC4E31E1A8E8DFE000E5E89 /* level4setboots.png */; };
		DCC4E3551A8E8DFE000E5E89 /* level6dagger.png in Resources */ = {isa = PBXBuildFile; fileRef = DCC4E31F1A8E8DFE000E5E89 /* level6dagger.png */; };
		DCC4E3561A8E8DFE000E5E89 /* projectile_1@2x.png in Resources */ = {isa = PBXBuildFile; fileRef = DCC4E3201A8E8DFE000E5E89 /* projectile_1@2x.png */; };
		DCC4E3571A8E8DFE000E5E89 /* projectile_2@2x.png in Resources */ = {isa = PBXBuildFile; fileRef = DCC4E3211A8E8DFE000E5E89 /* projectile_2@2x.png */; };
		DCC4E3581A8E8DFE000E5E89 /* projectile_3@2x.png in Resources */ = {isa = PBXBuildFile; fileRef = DCC4E3221A8E8DFE000E5E89 /* projectile_3@2x.png */; };
		DCC4E3591A8E8DFE000E5E89 /* valgrind_desert_forest.png in Resources */ = {isa = PBXBuildFile; fileRef = DCC4E3231A8E8DFE000E5E89 /* valgrind_desert_forest.png */; };
		DCC4E35A1A8E8DFE000E5E89 /* walkman1.png in Resources */ = {isa = PBXBuildFile; fileRef = DCC4E3241A8E8DFE000E5E89 /* walkman1.png */; };
		DCC4E35B1A8E8DFE000E5E89 /* walkman2.png in Resources */ = {isa = PBXBuildFile; fileRef = DCC4E3251A8E8DFE000E5E89 /* walkman2.png */; };
		DCC4E35C1A8E8DFE000E5E89 /* walkman3.png in Resources */ = {isa = PBXBuildFile; fileRef = DCC4E3261A8E8DFE000E5E89 /* walkman3.png */; };
		DCC4E35D1A8E8DFE000E5E89 /* walkman4.png in Resources */ = {isa = PBXBuildFile; fileRef = DCC4E3271A8E8DFE000E5E89 /* walkman4.png */; };
		DCC4E35E1A8E8DFE000E5E89 /* walkman5.png in Resources */ = {isa = PBXBuildFile; fileRef = DCC4E3281A8E8DFE000E5E89 /* walkman5.png */; };
		DCC4E35F1A8E8DFE000E5E89 /* walkman6.png in Resources */ = {isa = PBXBuildFile; fileRef = DCC4E3291A8E8DFE000E5E89 /* walkman6.png */; };
		DCC4E3601A8E8DFE000E5E89 /* wizard1.png in Resources */ = {isa = PBXBuildFile; fileRef = DCC4E32A1A8E8DFE000E5E89 /* wizard1.png */; };
		DCC4E3611A8E8DFE000E5E89 /* wizard10.png in Resources */ = {isa = PBXBuildFile; fileRef = DCC4E32B1A8E8DFE000E5E89 /* wizard10.png */; };
		DCC4E3621A8E8DFE000E5E89 /* wizard11.png in Resources */ = {isa = PBXBuildFile; fileRef = DCC4E32C1A8E8DFE000E5E89 /* wizard11.png */; };
		DCC4E3631A8E8DFE000E5E89 /* wizard12.png in Resources */ = {isa = PBXBuildFile; fileRef = DCC4E32D1A8E8DFE000E5E89 /* wizard12.png */; };
		DCC4E3641A8E8DFE000E5E89 /* wizard13.png in Resources */ = {isa = PBXBuildFile; fileRef = DCC4E32E1A8E8DFE000E5E89 /* wizard13.png */; };
		DCC4E3651A8E8DFE000E5E89 /* wizard14.png in Resources */ = {isa = PBXBuildFile; fileRef = DCC4E32F1A8E8DFE000E5E89 /* wizard14.png */; };
		DCC4E3661A8E8DFE000E5E89 /* wizard15.png in Resources */ = {isa = PBXBuildFile; fileRef = DCC4E3301A8E8DFE000E5E89 /* wizard15.png */; };
		DCC4E3671A8E8DFE000E5E89 /* wizard16.png in Resources */ = {isa = PBXBuildFile; fileRef = DCC4E3311A8E8DFE000E5E89 /* wizard16.png */; };
		DCC4E3681A8E8DFE000E5E89 /* wizard17.png in Resources */ = {isa = PBXBuildFile; fileRef = DCC4E3321A8E8DFE000E5E89 /* wizard17.png */; };
		DCC4E3691A8E8DFE000E5E89 /* wizard18.png in Resources */ = {isa = PBXBuildFile; fileRef = DCC4E3331A8E8DFE000E5E89 /* wizard18.png */; };
		DCC4E36A1A8E8DFE000E5E89 /* wizard19.png in Resources */ = {isa = PBXBuildFile; fileRef = DCC4E3341A8E8DFE000E5E89 /* wizard19.png */; };
		DCC4E36B1A8E8DFE000E5E89 /* wizard2.png in Resources */ = {isa = PBXBuildFile; fileRef = DCC4E3351A8E8DFE000E5E89 /* wizard2.png */; };
		DCC4E36C1A8E8DFE000E5E89 /* wizard20.png in Resources */ = {isa = PBXBuildFile; fileRef = DCC4E3361A8E8DFE000E5E89 /* wizard20.png */; };
		DCC4E36D1A8E8DFE000E5E89 /* wizard21.png in Resources */ = {isa = PBXBuildFile; fileRef = DCC4E3371A8E8DFE000E5E89 /* wizard21.png */; };
		DCC4E36E1A8E8DFE000E5E89 /* wizard22.png in Resources */ = {isa = PBXBuildFile; fileRef = DCC4E3381A8E8DFE000E5E89 /* wizard22.png */; };
		DCC4E36F1A8E8DFE000E5E89 /* wizard23.png in Resources */ = {isa = PBXBuildFile; fileRef = DCC4E3391A8E8DFE000E5E89 /* wizard23.png */; };
		DCC4E3701A8E8DFE000E5E89 /* wizard24.png in Resources */ = {isa = PBXBuildFile; fileRef = DCC4E33A1A8E8DFE000E5E89 /* wizard24.png */; };
		DCC4E3711A8E8DFE000E5E89 /* wizard3.png in Resources */ = {isa = PBXBuildFile; fileRef = DCC4E33B1A8E8DFE000E5E89 /* wizard3.png */; };
		DCC4E3721A8E8DFE000E5E89 /* wizard4.png in Resources */ = {isa = PBXBuildFile; fileRef = DCC4E33C1A8E8DFE000E5E89 /* wizard4.png */; };
		DCC4E3731A8E8DFE000E5E89 /* wizard5.png in Resources */ = {isa = PBXBuildFile; fileRef = DCC4E33D1A8E8DFE000E5E89 /* wizard5.png */; };
		DCC4E3741A8E8DFE000E5E89 /* wizard6.png in Resources */ = {isa = PBXBuildFile; fileRef = DCC4E33E1A8E8DFE000E5E89 /* wizard6.png */; };
		DCC4E3751A8E8DFE000E5E89 /* wizard7.png in Resources */ = {isa = PBXBuildFile; fileRef = DCC4E33F1A8E8DFE000E5E89 /* wizard7.png */; };
		DCC4E3761A8E8DFE000E5E89 /* wizard8.png in Resources */ = {isa = PBXBuildFile; fileRef = DCC4E3401A8E8DFE000E5E89 /* wizard8.png */; };
		DCC4E3771A8E8DFE000E5E89 /* wizard9.png in Resources */ = {isa = PBXBuildFile; fileRef = DCC4E3411A8E8DFE000E5E89 /* wizard9.png */; };
		DCC4E3791A8EEE59000E5E89 /* StoreScene.swift in Sources */ = {isa = PBXBuildFile; fileRef = DCC4E3781A8EEE59000E5E89 /* StoreScene.swift */; };
/* End PBXBuildFile section */

/* Begin PBXContainerItemProxy section */
		DC27112E1A85E11900986D2E /* PBXContainerItemProxy */ = {
			isa = PBXContainerItemProxy;
			containerPortal = DC27110C1A85E11800986D2E /* Project object */;
			proxyType = 1;
			remoteGlobalIDString = DC2711131A85E11900986D2E;
			remoteInfo = RPGWARRIOR;
		};
/* End PBXContainerItemProxy section */

/* Begin PBXFileReference section */
		2F62CE541A89C21000046DA7 /* MineNode.swift */ = {isa = PBXFileReference; fileEncoding = 4; lastKnownFileType = sourcecode.swift; path = MineNode.swift; sourceTree = "<group>"; };
		2F62CE551A89C21000046DA7 /* MineThrowerNode.swift */ = {isa = PBXFileReference; fileEncoding = 4; lastKnownFileType = sourcecode.swift; path = MineThrowerNode.swift; sourceTree = "<group>"; };
		2F62CE581A89C25000046DA7 /* Level3Scene.swift */ = {isa = PBXFileReference; fileEncoding = 4; lastKnownFileType = sourcecode.swift; path = Level3Scene.swift; sourceTree = "<group>"; };
		DC1F580C1A882D3200B5027B /* MainMenuScene.swift */ = {isa = PBXFileReference; fileEncoding = 4; lastKnownFileType = sourcecode.swift; path = MainMenuScene.swift; sourceTree = "<group>"; };
		DC1F580E1A886BB100B5027B /* Level2Scene.swift */ = {isa = PBXFileReference; fileEncoding = 4; lastKnownFileType = sourcecode.swift; path = Level2Scene.swift; sourceTree = "<group>"; };
		DC1F58101A886EFC00B5027B /* BomberClass.swift */ = {isa = PBXFileReference; fileEncoding = 4; lastKnownFileType = sourcecode.swift; path = BomberClass.swift; sourceTree = "<group>"; };
		DC1F58121A88703500B5027B /* Bomb.swift */ = {isa = PBXFileReference; fileEncoding = 4; lastKnownFileType = sourcecode.swift; path = Bomb.swift; sourceTree = "<group>"; };
		DC1F58181A88735300B5027B /* LightParticle.sks */ = {isa = PBXFileReference; lastKnownFileType = file.sks; path = LightParticle.sks; sourceTree = "<group>"; };
		DC1F58191A88735300B5027B /* spark.png */ = {isa = PBXFileReference; lastKnownFileType = image.png; path = spark.png; sourceTree = "<group>"; };
		DC2711141A85E11900986D2E /* RPGWARRIOR.app */ = {isa = PBXFileReference; explicitFileType = wrapper.application; includeInIndex = 0; path = RPGWARRIOR.app; sourceTree = BUILT_PRODUCTS_DIR; };
		DC2711181A85E11900986D2E /* Info.plist */ = {isa = PBXFileReference; lastKnownFileType = text.plist.xml; path = Info.plist; sourceTree = "<group>"; };
		DC2711221A85E11900986D2E /* Base */ = {isa = PBXFileReference; lastKnownFileType = file.storyboard; name = Base; path = Base.lproj/Main.storyboard; sourceTree = "<group>"; };
		DC2711241A85E11900986D2E /* Images.xcassets */ = {isa = PBXFileReference; lastKnownFileType = folder.assetcatalog; path = Images.xcassets; sourceTree = "<group>"; };
		DC2711271A85E11900986D2E /* Base */ = {isa = PBXFileReference; lastKnownFileType = file.xib; name = Base; path = Base.lproj/LaunchScreen.xib; sourceTree = "<group>"; };
		DC27112D1A85E11900986D2E /* RPGWARRIORTests.xctest */ = {isa = PBXFileReference; explicitFileType = wrapper.cfbundle; includeInIndex = 0; path = RPGWARRIORTests.xctest; sourceTree = BUILT_PRODUCTS_DIR; };
		DC2711321A85E11900986D2E /* Info.plist */ = {isa = PBXFileReference; lastKnownFileType = text.plist.xml; path = Info.plist; sourceTree = "<group>"; };
		DC2711331A85E11900986D2E /* RPGWARRIORTests.swift */ = {isa = PBXFileReference; lastKnownFileType = sourcecode.swift; path = RPGWARRIORTests.swift; sourceTree = "<group>"; };
		DC27113D1A85E1AB00986D2E /* GameScene.swift */ = {isa = PBXFileReference; fileEncoding = 4; lastKnownFileType = sourcecode.swift; path = GameScene.swift; sourceTree = "<group>"; };
		DC2711411A85E1D300986D2E /* Utility.swift */ = {isa = PBXFileReference; fileEncoding = 4; lastKnownFileType = sourcecode.swift; path = Utility.swift; sourceTree = "<group>"; };
		DC2711431A85E1DE00986D2E /* WizardClass.swift */ = {isa = PBXFileReference; fileEncoding = 4; lastKnownFileType = sourcecode.swift; path = WizardClass.swift; sourceTree = "<group>"; };
		DC2711451A85E1F500986D2E /* HeroClass.swift */ = {isa = PBXFileReference; fileEncoding = 4; lastKnownFileType = sourcecode.swift; path = HeroClass.swift; sourceTree = "<group>"; };
		DC2711471A85E26100986D2E /* GameViewController.swift */ = {isa = PBXFileReference; fileEncoding = 4; lastKnownFileType = sourcecode.swift; path = GameViewController.swift; sourceTree = "<group>"; };
		DC2711491A85E26C00986D2E /* Fireball.swift */ = {isa = PBXFileReference; fileEncoding = 4; lastKnownFileType = sourcecode.swift; path = Fireball.swift; sourceTree = "<group>"; };
		DC27114F1A86A09D00986D2E /* AppDelegate.swift */ = {isa = PBXFileReference; fileEncoding = 4; lastKnownFileType = sourcecode.swift; path = AppDelegate.swift; sourceTree = "<group>"; };
		DCC4E3011A89760E000E5E89 /* Inventory.swift */ = {isa = PBXFileReference; fileEncoding = 4; lastKnownFileType = sourcecode.swift; path = Inventory.swift; sourceTree = "<group>"; };
		DCC4E3031A897671000E5E89 /* ItemSpaceNode.swift */ = {isa = PBXFileReference; fileEncoding = 4; lastKnownFileType = sourcecode.swift; path = ItemSpaceNode.swift; sourceTree = "<group>"; };
		DCC4E3051A8976AB000E5E89 /* ItemClass.swift */ = {isa = PBXFileReference; fileEncoding = 4; lastKnownFileType = sourcecode.swift; path = ItemClass.swift; sourceTree = "<group>"; };
		DCC4E3091A8DB082000E5E89 /* level5Scene.swift */ = {isa = PBXFileReference; fileEncoding = 4; lastKnownFileType = sourcecode.swift; name = level5Scene.swift; path = Rpg7/level5Scene.swift; sourceTree = "<group>"; };
		DCC4E30C1A8E8DFE000E5E89 /* gem.png */ = {isa = PBXFileReference; lastKnownFileType = image.png; path = gem.png; sourceTree = "<group>"; };
		DCC4E30D1A8E8DFE000E5E89 /* healthglobe.png */ = {isa = PBXFileReference; lastKnownFileType = image.png; path = healthglobe.png; sourceTree = "<group>"; };
		DCC4E30E1A8E8DFE000E5E89 /* largerhealthglobe.png */ = {isa = PBXFileReference; lastKnownFileType = image.png; path = largerhealthglobe.png; sourceTree = "<group>"; };
		DCC4E30F1A8E8DFE000E5E89 /* level1armor.png */ = {isa = PBXFileReference; lastKnownFileType = image.png; path = level1armor.png; sourceTree = "<group>"; };
		DCC4E3101A8E8DFE000E5E89 /* level1boots.png */ = {isa = PBXFileReference; lastKnownFileType = image.png; path = level1boots.png; sourceTree = "<group>"; };
		DCC4E3111A8E8DFE000E5E89 /* level1setarmor.png */ = {isa = PBXFileReference; lastKnownFileType = image.png; path = level1setarmor.png; sourceTree = "<group>"; };
		DCC4E3121A8E8DFE000E5E89 /* level1setboots.png */ = {isa = PBXFileReference; lastKnownFileType = image.png; path = level1setboots.png; sourceTree = "<group>"; };
		DCC4E3131A8E8DFE000E5E89 /* level2armor.png */ = {isa = PBXFileReference; lastKnownFileType = image.png; path = level2armor.png; sourceTree = "<group>"; };
		DCC4E3141A8E8DFE000E5E89 /* level2setarmor.png */ = {isa = PBXFileReference; lastKnownFileType = image.png; path = level2setarmor.png; sourceTree = "<group>"; };
		DCC4E3151A8E8DFE000E5E89 /* level2setboots.png */ = {isa = PBXFileReference; lastKnownFileType = image.png; path = level2setboots.png; sourceTree = "<group>"; };
		DCC4E3161A8E8DFE000E5E89 /* level2sword.png */ = {isa = PBXFileReference; lastKnownFileType = image.png; path = level2sword.png; sourceTree = "<group>"; };
		DCC4E3171A8E8DFE000E5E89 /* level3armor.png */ = {isa = PBXFileReference; lastKnownFileType = image.png; path = level3armor.png; sourceTree = "<group>"; };
		DCC4E3181A8E8DFE000E5E89 /* level3setarmor.png */ = {isa = PBXFileReference; lastKnownFileType = image.png; path = level3setarmor.png; sourceTree = "<group>"; };
		DCC4E3191A8E8DFE000E5E89 /* level3setboots.png */ = {isa = PBXFileReference; lastKnownFileType = image.png; path = level3setboots.png; sourceTree = "<group>"; };
		DCC4E31A1A8E8DFE000E5E89 /* level3sword.png */ = {isa = PBXFileReference; lastKnownFileType = image.png; path = level3sword.png; sourceTree = "<group>"; };
		DCC4E31B1A8E8DFE000E5E89 /* level4armor.png */ = {isa = PBXFileReference; lastKnownFileType = image.png; path = level4armor.png; sourceTree = "<group>"; };
		DCC4E31C1A8E8DFE000E5E89 /* level4dagger.png */ = {isa = PBXFileReference; lastKnownFileType = image.png; path = level4dagger.png; sourceTree = "<group>"; };
		DCC4E31D1A8E8DFE000E5E89 /* level4setarmor.png */ = {isa = PBXFileReference; lastKnownFileType = image.png; path = level4setarmor.png; sourceTree = "<group>"; };
		DCC4E31E1A8E8DFE000E5E89 /* level4setboots.png */ = {isa = PBXFileReference; lastKnownFileType = image.png; path = level4setboots.png; sourceTree = "<group>"; };
		DCC4E31F1A8E8DFE000E5E89 /* level6dagger.png */ = {isa = PBXFileReference; lastKnownFileType = image.png; path = level6dagger.png; sourceTree = "<group>"; };
		DCC4E3201A8E8DFE000E5E89 /* projectile_1@2x.png */ = {isa = PBXFileReference; lastKnownFileType = image.png; path = "projectile_1@2x.png"; sourceTree = "<group>"; };
		DCC4E3211A8E8DFE000E5E89 /* projectile_2@2x.png */ = {isa = PBXFileReference; lastKnownFileType = image.png; path = "projectile_2@2x.png"; sourceTree = "<group>"; };
		DCC4E3221A8E8DFE000E5E89 /* projectile_3@2x.png */ = {isa = PBXFileReference; lastKnownFileType = image.png; path = "projectile_3@2x.png"; sourceTree = "<group>"; };
		DCC4E3231A8E8DFE000E5E89 /* valgrind_desert_forest.png */ = {isa = PBXFileReference; lastKnownFileType = image.png; path = valgrind_desert_forest.png; sourceTree = "<group>"; };
		DCC4E3241A8E8DFE000E5E89 /* walkman1.png */ = {isa = PBXFileReference; lastKnownFileType = image.png; path = walkman1.png; sourceTree = "<group>"; };
		DCC4E3251A8E8DFE000E5E89 /* walkman2.png */ = {isa = PBXFileReference; lastKnownFileType = image.png; path = walkman2.png; sourceTree = "<group>"; };
		DCC4E3261A8E8DFE000E5E89 /* walkman3.png */ = {isa = PBXFileReference; lastKnownFileType = image.png; path = walkman3.png; sourceTree = "<group>"; };
		DCC4E3271A8E8DFE000E5E89 /* walkman4.png */ = {isa = PBXFileReference; lastKnownFileType = image.png; path = walkman4.png; sourceTree = "<group>"; };
		DCC4E3281A8E8DFE000E5E89 /* walkman5.png */ = {isa = PBXFileReference; lastKnownFileType = image.png; path = walkman5.png; sourceTree = "<group>"; };
		DCC4E3291A8E8DFE000E5E89 /* walkman6.png */ = {isa = PBXFileReference; lastKnownFileType = image.png; path = walkman6.png; sourceTree = "<group>"; };
		DCC4E32A1A8E8DFE000E5E89 /* wizard1.png */ = {isa = PBXFileReference; lastKnownFileType = image.png; path = wizard1.png; sourceTree = "<group>"; };
		DCC4E32B1A8E8DFE000E5E89 /* wizard10.png */ = {isa = PBXFileReference; lastKnownFileType = image.png; path = wizard10.png; sourceTree = "<group>"; };
		DCC4E32C1A8E8DFE000E5E89 /* wizard11.png */ = {isa = PBXFileReference; lastKnownFileType = image.png; path = wizard11.png; sourceTree = "<group>"; };
		DCC4E32D1A8E8DFE000E5E89 /* wizard12.png */ = {isa = PBXFileReference; lastKnownFileType = image.png; path = wizard12.png; sourceTree = "<group>"; };
		DCC4E32E1A8E8DFE000E5E89 /* wizard13.png */ = {isa = PBXFileReference; lastKnownFileType = image.png; path = wizard13.png; sourceTree = "<group>"; };
		DCC4E32F1A8E8DFE000E5E89 /* wizard14.png */ = {isa = PBXFileReference; lastKnownFileType = image.png; path = wizard14.png; sourceTree = "<group>"; };
		DCC4E3301A8E8DFE000E5E89 /* wizard15.png */ = {isa = PBXFileReference; lastKnownFileType = image.png; path = wizard15.png; sourceTree = "<group>"; };
		DCC4E3311A8E8DFE000E5E89 /* wizard16.png */ = {isa = PBXFileReference; lastKnownFileType = image.png; path = wizard16.png; sourceTree = "<group>"; };
		DCC4E3321A8E8DFE000E5E89 /* wizard17.png */ = {isa = PBXFileReference; lastKnownFileType = image.png; path = wizard17.png; sourceTree = "<group>"; };
		DCC4E3331A8E8DFE000E5E89 /* wizard18.png */ = {isa = PBXFileReference; lastKnownFileType = image.png; path = wizard18.png; sourceTree = "<group>"; };
		DCC4E3341A8E8DFE000E5E89 /* wizard19.png */ = {isa = PBXFileReference; lastKnownFileType = image.png; path = wizard19.png; sourceTree = "<group>"; };
		DCC4E3351A8E8DFE000E5E89 /* wizard2.png */ = {isa = PBXFileReference; lastKnownFileType = image.png; path = wizard2.png; sourceTree = "<group>"; };
		DCC4E3361A8E8DFE000E5E89 /* wizard20.png */ = {isa = PBXFileReference; lastKnownFileType = image.png; path = wizard20.png; sourceTree = "<group>"; };
		DCC4E3371A8E8DFE000E5E89 /* wizard21.png */ = {isa = PBXFileReference; lastKnownFileType = image.png; path = wizard21.png; sourceTree = "<group>"; };
		DCC4E3381A8E8DFE000E5E89 /* wizard22.png */ = {isa = PBXFileReference; lastKnownFileType = image.png; path = wizard22.png; sourceTree = "<group>"; };
		DCC4E3391A8E8DFE000E5E89 /* wizard23.png */ = {isa = PBXFileReference; lastKnownFileType = image.png; path = wizard23.png; sourceTree = "<group>"; };
		DCC4E33A1A8E8DFE000E5E89 /* wizard24.png */ = {isa = PBXFileReference; lastKnownFileType = image.png; path = wizard24.png; sourceTree = "<group>"; };
		DCC4E33B1A8E8DFE000E5E89 /* wizard3.png */ = {isa = PBXFileReference; lastKnownFileType = image.png; path = wizard3.png; sourceTree = "<group>"; };
		DCC4E33C1A8E8DFE000E5E89 /* wizard4.png */ = {isa = PBXFileReference; lastKnownFileType = image.png; path = wizard4.png; sourceTree = "<group>"; };
		DCC4E33D1A8E8DFE000E5E89 /* wizard5.png */ = {isa = PBXFileReference; lastKnownFileType = image.png; path = wizard5.png; sourceTree = "<group>"; };
		DCC4E33E1A8E8DFE000E5E89 /* wizard6.png */ = {isa = PBXFileReference; lastKnownFileType = image.png; path = wizard6.png; sourceTree = "<group>"; };
		DCC4E33F1A8E8DFE000E5E89 /* wizard7.png */ = {isa = PBXFileReference; lastKnownFileType = image.png; path = wizard7.png; sourceTree = "<group>"; };
		DCC4E3401A8E8DFE000E5E89 /* wizard8.png */ = {isa = PBXFileReference; lastKnownFileType = image.png; path = wizard8.png; sourceTree = "<group>"; };
		DCC4E3411A8E8DFE000E5E89 /* wizard9.png */ = {isa = PBXFileReference; lastKnownFileType = image.png; path = wizard9.png; sourceTree = "<group>"; };
		DCC4E3781A8EEE59000E5E89 /* StoreScene.swift */ = {isa = PBXFileReference; fileEncoding = 4; lastKnownFileType = sourcecode.swift; path = StoreScene.swift; sourceTree = "<group>"; };
/* End PBXFileReference section */

/* Begin PBXFrameworksBuildPhase section */
		DC2711111A85E11900986D2E /* Frameworks */ = {
			isa = PBXFrameworksBuildPhase;
			buildActionMask = 2147483647;
			files = (
			);
			runOnlyForDeploymentPostprocessing = 0;
		};
		DC27112A1A85E11900986D2E /* Frameworks */ = {
			isa = PBXFrameworksBuildPhase;
			buildActionMask = 2147483647;
			files = (
			);
			runOnlyForDeploymentPostprocessing = 0;
		};
/* End PBXFrameworksBuildPhase section */

/* Begin PBXGroup section */
		DC27110B1A85E11800986D2E = {
			isa = PBXGroup;
			children = (
				DC2711161A85E11900986D2E /* RPGWARRIOR */,
				DC2711301A85E11900986D2E /* RPGWARRIORTests */,
				DC2711151A85E11900986D2E /* Products */,
			);
			sourceTree = "<group>";
		};
		DC2711151A85E11900986D2E /* Products */ = {
			isa = PBXGroup;
			children = (
				DC2711141A85E11900986D2E /* RPGWARRIOR.app */,
				DC27112D1A85E11900986D2E /* RPGWARRIORTests.xctest */,
			);
			name = Products;
			sourceTree = "<group>";
		};
		DC2711161A85E11900986D2E /* RPGWARRIOR */ = {
			isa = PBXGroup;
			children = (
				DCC4E30B1A8E8DFE000E5E89 /* Rpg8 */,
				DC2711491A85E26C00986D2E /* Fireball.swift */,
				DCC4E3031A897671000E5E89 /* ItemSpaceNode.swift */,
				DCC4E3051A8976AB000E5E89 /* ItemClass.swift */,
				DC1F58121A88703500B5027B /* Bomb.swift */,
				DC1F58101A886EFC00B5027B /* BomberClass.swift */,
				DC27114F1A86A09D00986D2E /* AppDelegate.swift */,
				DC2711471A85E26100986D2E /* GameViewController.swift */,
				DC2711451A85E1F500986D2E /* HeroClass.swift */,
				DC2711411A85E1D300986D2E /* Utility.swift */,
				DC1F580C1A882D3200B5027B /* MainMenuScene.swift */,
				DC2711431A85E1DE00986D2E /* WizardClass.swift */,
				2F62CE541A89C21000046DA7 /* MineNode.swift */,
				2F62CE551A89C21000046DA7 /* MineThrowerNode.swift */,
				DCC4E3011A89760E000E5E89 /* Inventory.swift */,
				DC27113D1A85E1AB00986D2E /* GameScene.swift */,
				DCC4E3781A8EEE59000E5E89 /* StoreScene.swift */,
				DC1F580E1A886BB100B5027B /* Level2Scene.swift */,
				2F62CE581A89C25000046DA7 /* Level3Scene.swift */,
				DCC4E3091A8DB082000E5E89 /* level5Scene.swift */,
				DC2711211A85E11900986D2E /* Main.storyboard */,
				DC2711241A85E11900986D2E /* Images.xcassets */,
				DC2711261A85E11900986D2E /* LaunchScreen.xib */,
				DC2711171A85E11900986D2E /* Supporting Files */,
				DC1F58181A88735300B5027B /* LightParticle.sks */,
				DC1F58191A88735300B5027B /* spark.png */,
			);
			path = RPGWARRIOR;
			sourceTree = "<group>";
		};
		DC2711171A85E11900986D2E /* Supporting Files */ = {
			isa = PBXGroup;
			children = (
				DC2711181A85E11900986D2E /* Info.plist */,
			);
			name = "Supporting Files";
			sourceTree = "<group>";
		};
		DC2711301A85E11900986D2E /* RPGWARRIORTests */ = {
			isa = PBXGroup;
			children = (
				DC2711331A85E11900986D2E /* RPGWARRIORTests.swift */,
				DC2711311A85E11900986D2E /* Supporting Files */,
			);
			path = RPGWARRIORTests;
			sourceTree = "<group>";
		};
		DC2711311A85E11900986D2E /* Supporting Files */ = {
			isa = PBXGroup;
			children = (
				DC2711321A85E11900986D2E /* Info.plist */,
			);
			name = "Supporting Files";
			sourceTree = "<group>";
		};
		DCC4E30B1A8E8DFE000E5E89 /* Rpg8 */ = {
			isa = PBXGroup;
			children = (
				DCC4E30C1A8E8DFE000E5E89 /* gem.png */,
				DCC4E30D1A8E8DFE000E5E89 /* healthglobe.png */,
				DCC4E30E1A8E8DFE000E5E89 /* largerhealthglobe.png */,
				DCC4E30F1A8E8DFE000E5E89 /* level1armor.png */,
				DCC4E3101A8E8DFE000E5E89 /* level1boots.png */,
				DCC4E3111A8E8DFE000E5E89 /* level1setarmor.png */,
				DCC4E3121A8E8DFE000E5E89 /* level1setboots.png */,
				DCC4E3131A8E8DFE000E5E89 /* level2armor.png */,
				DCC4E3141A8E8DFE000E5E89 /* level2setarmor.png */,
				DCC4E3151A8E8DFE000E5E89 /* level2setboots.png */,
				DCC4E3161A8E8DFE000E5E89 /* level2sword.png */,
				DCC4E3171A8E8DFE000E5E89 /* level3armor.png */,
				DCC4E3181A8E8DFE000E5E89 /* level3setarmor.png */,
				DCC4E3191A8E8DFE000E5E89 /* level3setboots.png */,
				DCC4E31A1A8E8DFE000E5E89 /* level3sword.png */,
				DCC4E31B1A8E8DFE000E5E89 /* level4armor.png */,
				DCC4E31C1A8E8DFE000E5E89 /* level4dagger.png */,
				DCC4E31D1A8E8DFE000E5E89 /* level4setarmor.png */,
				DCC4E31E1A8E8DFE000E5E89 /* level4setboots.png */,
				DCC4E31F1A8E8DFE000E5E89 /* level6dagger.png */,
				DCC4E3201A8E8DFE000E5E89 /* projectile_1@2x.png */,
				DCC4E3211A8E8DFE000E5E89 /* projectile_2@2x.png */,
				DCC4E3221A8E8DFE000E5E89 /* projectile_3@2x.png */,
				DCC4E3231A8E8DFE000E5E89 /* valgrind_desert_forest.png */,
				DCC4E3241A8E8DFE000E5E89 /* walkman1.png */,
				DCC4E3251A8E8DFE000E5E89 /* walkman2.png */,
				DCC4E3261A8E8DFE000E5E89 /* walkman3.png */,
				DCC4E3271A8E8DFE000E5E89 /* walkman4.png */,
				DCC4E3281A8E8DFE000E5E89 /* walkman5.png */,
				DCC4E3291A8E8DFE000E5E89 /* walkman6.png */,
				DCC4E32A1A8E8DFE000E5E89 /* wizard1.png */,
				DCC4E32B1A8E8DFE000E5E89 /* wizard10.png */,
				DCC4E32C1A8E8DFE000E5E89 /* wizard11.png */,
				DCC4E32D1A8E8DFE000E5E89 /* wizard12.png */,
				DCC4E32E1A8E8DFE000E5E89 /* wizard13.png */,
				DCC4E32F1A8E8DFE000E5E89 /* wizard14.png */,
				DCC4E3301A8E8DFE000E5E89 /* wizard15.png */,
				DCC4E3311A8E8DFE000E5E89 /* wizard16.png */,
				DCC4E3321A8E8DFE000E5E89 /* wizard17.png */,
				DCC4E3331A8E8DFE000E5E89 /* wizard18.png */,
				DCC4E3341A8E8DFE000E5E89 /* wizard19.png */,
				DCC4E3351A8E8DFE000E5E89 /* wizard2.png */,
				DCC4E3361A8E8DFE000E5E89 /* wizard20.png */,
				DCC4E3371A8E8DFE000E5E89 /* wizard21.png */,
				DCC4E3381A8E8DFE000E5E89 /* wizard22.png */,
				DCC4E3391A8E8DFE000E5E89 /* wizard23.png */,
				DCC4E33A1A8E8DFE000E5E89 /* wizard24.png */,
				DCC4E33B1A8E8DFE000E5E89 /* wizard3.png */,
				DCC4E33C1A8E8DFE000E5E89 /* wizard4.png */,
				DCC4E33D1A8E8DFE000E5E89 /* wizard5.png */,
				DCC4E33E1A8E8DFE000E5E89 /* wizard6.png */,
				DCC4E33F1A8E8DFE000E5E89 /* wizard7.png */,
				DCC4E3401A8E8DFE000E5E89 /* wizard8.png */,
				DCC4E3411A8E8DFE000E5E89 /* wizard9.png */,
			);
			path = Rpg8;
			sourceTree = "<group>";
		};
/* End PBXGroup section */

/* Begin PBXNativeTarget section */
		DC2711131A85E11900986D2E /* RPGWARRIOR */ = {
			isa = PBXNativeTarget;
			buildConfigurationList = DC2711371A85E11900986D2E /* Build configuration list for PBXNativeTarget "RPGWARRIOR" */;
			buildPhases = (
				DC2711101A85E11900986D2E /* Sources */,
				DC2711111A85E11900986D2E /* Frameworks */,
				DC2711121A85E11900986D2E /* Resources */,
			);
			buildRules = (
			);
			dependencies = (
			);
			name = RPGWARRIOR;
			productName = RPGWARRIOR;
			productReference = DC2711141A85E11900986D2E /* RPGWARRIOR.app */;
			productType = "com.apple.product-type.application";
		};
		DC27112C1A85E11900986D2E /* RPGWARRIORTests */ = {
			isa = PBXNativeTarget;
			buildConfigurationList = DC27113A1A85E11900986D2E /* Build configuration list for PBXNativeTarget "RPGWARRIORTests" */;
			buildPhases = (
				DC2711291A85E11900986D2E /* Sources */,
				DC27112A1A85E11900986D2E /* Frameworks */,
				DC27112B1A85E11900986D2E /* Resources */,
			);
			buildRules = (
			);
			dependencies = (
				DC27112F1A85E11900986D2E /* PBXTargetDependency */,
			);
			name = RPGWARRIORTests;
			productName = RPGWARRIORTests;
			productReference = DC27112D1A85E11900986D2E /* RPGWARRIORTests.xctest */;
			productType = "com.apple.product-type.bundle.unit-test";
		};
/* End PBXNativeTarget section */

/* Begin PBXProject section */
		DC27110C1A85E11800986D2E /* Project object */ = {
			isa = PBXProject;
			attributes = {
				LastUpgradeCheck = 0610;
				ORGANIZATIONNAME = "Drew Zoellner";
				TargetAttributes = {
					DC2711131A85E11900986D2E = {
						CreatedOnToolsVersion = 6.1.1;
					};
					DC27112C1A85E11900986D2E = {
						CreatedOnToolsVersion = 6.1.1;
						TestTargetID = DC2711131A85E11900986D2E;
					};
				};
			};
			buildConfigurationList = DC27110F1A85E11800986D2E /* Build configuration list for PBXProject "RPGWARRIOR" */;
			compatibilityVersion = "Xcode 3.2";
			developmentRegion = English;
			hasScannedForEncodings = 0;
			knownRegions = (
				en,
				Base,
			);
			mainGroup = DC27110B1A85E11800986D2E;
			productRefGroup = DC2711151A85E11900986D2E /* Products */;
			projectDirPath = "";
			projectRoot = "";
			targets = (
				DC2711131A85E11900986D2E /* RPGWARRIOR */,
				DC27112C1A85E11900986D2E /* RPGWARRIORTests */,
			);
		};
/* End PBXProject section */

/* Begin PBXResourcesBuildPhase section */
		DC2711121A85E11900986D2E /* Resources */ = {
			isa = PBXResourcesBuildPhase;
			buildActionMask = 2147483647;
			files = (
				DCC4E36A1A8E8DFE000E5E89 /* wizard19.png in Resources */,
				DCC4E3601A8E8DFE000E5E89 /* wizard1.png in Resources */,
				DCC4E36C1A8E8DFE000E5E89 /* wizard20.png in Resources */,
				DCC4E3511A8E8DFE000E5E89 /* level4armor.png in Resources */,
				DCC4E35B1A8E8DFE000E5E89 /* walkman2.png in Resources */,
				DCC4E3501A8E8DFE000E5E89 /* level3sword.png in Resources */,
				DC2711281A85E11900986D2E /* LaunchScreen.xib in Resources */,
				DCC4E3521A8E8DFE000E5E89 /* level4dagger.png in Resources */,
				DCC4E3431A8E8DFE000E5E89 /* healthglobe.png in Resources */,
				DC1F581A1A88735300B5027B /* LightParticle.sks in Resources */,
				DCC4E36D1A8E8DFE000E5E89 /* wizard21.png in Resources */,
				DCC4E34E1A8E8DFE000E5E89 /* level3setarmor.png in Resources */,
				DCC4E3581A8E8DFE000E5E89 /* projectile_3@2x.png in Resources */,
				DCC4E3741A8E8DFE000E5E89 /* wizard6.png in Resources */,
				DCC4E34F1A8E8DFE000E5E89 /* level3setboots.png in Resources */,
				DCC4E35D1A8E8DFE000E5E89 /* walkman4.png in Resources */,
				DCC4E3641A8E8DFE000E5E89 /* wizard13.png in Resources */,
				DC2711251A85E11900986D2E /* Images.xcassets in Resources */,
				DCC4E3661A8E8DFE000E5E89 /* wizard15.png in Resources */,
				DCC4E3701A8E8DFE000E5E89 /* wizard24.png in Resources */,
				DCC4E34A1A8E8DFE000E5E89 /* level2setarmor.png in Resources */,
				DCC4E3771A8E8DFE000E5E89 /* wizard9.png in Resources */,
				DCC4E3441A8E8DFE000E5E89 /* largerhealthglobe.png in Resources */,
				DCC4E36F1A8E8DFE000E5E89 /* wizard23.png in Resources */,
				DCC4E3711A8E8DFE000E5E89 /* wizard3.png in Resources */,
				DCC4E3691A8E8DFE000E5E89 /* wizard18.png in Resources */,
				DCC4E3481A8E8DFE000E5E89 /* level1setboots.png in Resources */,
				DCC4E3541A8E8DFE000E5E89 /* level4setboots.png in Resources */,
				DCC4E3421A8E8DFE000E5E89 /* gem.png in Resources */,
				DCC4E3531A8E8DFE000E5E89 /* level4setarmor.png in Resources */,
				DCC4E3471A8E8DFE000E5E89 /* level1setarmor.png in Resources */,
				DCC4E3611A8E8DFE000E5E89 /* wizard10.png in Resources */,
				DC2711231A85E11900986D2E /* Main.storyboard in Resources */,
				DCC4E3681A8E8DFE000E5E89 /* wizard17.png in Resources */,
				DCC4E3761A8E8DFE000E5E89 /* wizard8.png in Resources */,
				DCC4E3451A8E8DFE000E5E89 /* level1armor.png in Resources */,
				DCC4E35A1A8E8DFE000E5E89 /* walkman1.png in Resources */,
				DCC4E3621A8E8DFE000E5E89 /* wizard11.png in Resources */,
				DCC4E36B1A8E8DFE000E5E89 /* wizard2.png in Resources */,
				DCC4E34C1A8E8DFE000E5E89 /* level2sword.png in Resources */,
				DCC4E3561A8E8DFE000E5E89 /* projectile_1@2x.png in Resources */,
				DCC4E35F1A8E8DFE000E5E89 /* walkman6.png in Resources */,
				DCC4E3671A8E8DFE000E5E89 /* wizard16.png in Resources */,
				DCC4E3461A8E8DFE000E5E89 /* level1boots.png in Resources */,
				DCC4E3571A8E8DFE000E5E89 /* projectile_2@2x.png in Resources */,
				DCC4E3551A8E8DFE000E5E89 /* level6dagger.png in Resources */,
				DCC4E3651A8E8DFE000E5E89 /* wizard14.png in Resources */,
				DCC4E34B1A8E8DFE000E5E89 /* level2setboots.png in Resources */,
				DCC4E3721A8E8DFE000E5E89 /* wizard4.png in Resources */,
				DCC4E36E1A8E8DFE000E5E89 /* wizard22.png in Resources */,
				DCC4E3751A8E8DFE000E5E89 /* wizard7.png in Resources */,
				DCC4E3631A8E8DFE000E5E89 /* wizard12.png in Resources */,
				DCC4E3491A8E8DFE000E5E89 /* level2armor.png in Resources */,
				DCC4E35E1A8E8DFE000E5E89 /* walkman5.png in Resources */,
				DCC4E34D1A8E8DFE000E5E89 /* level3armor.png in Resources */,
				DCC4E35C1A8E8DFE000E5E89 /* walkman3.png in Resources */,
				DCC4E3731A8E8DFE000E5E89 /* wizard5.png in Resources */,
				DC1F581B1A88735300B5027B /* spark.png in Resources */,
				DCC4E3591A8E8DFE000E5E89 /* valgrind_desert_forest.png in Resources */,
			);
			runOnlyForDeploymentPostprocessing = 0;
		};
		DC27112B1A85E11900986D2E /* Resources */ = {
			isa = PBXResourcesBuildPhase;
			buildActionMask = 2147483647;
			files = (
			);
			runOnlyForDeploymentPostprocessing = 0;
		};
/* End PBXResourcesBuildPhase section */

/* Begin PBXSourcesBuildPhase section */
		DC2711101A85E11900986D2E /* Sources */ = {
			isa = PBXSourcesBuildPhase;
			buildActionMask = 2147483647;
			files = (
				DCC4E3021A89760E000E5E89 /* Inventory.swift in Sources */,
				2F62CE561A89C21000046DA7 /* MineNode.swift in Sources */,
				DC27114A1A85E26C00986D2E /* Fireball.swift in Sources */,
				DC2711461A85E1F500986D2E /* HeroClass.swift in Sources */,
				DC2711421A85E1D300986D2E /* Utility.swift in Sources */,
				DC1F58111A886EFC00B5027B /* BomberClass.swift in Sources */,
				2F62CE591A89C25000046DA7 /* Level3Scene.swift in Sources */,
				DCC4E3041A897671000E5E89 /* ItemSpaceNode.swift in Sources */,
				DC1F580F1A886BB100B5027B /* Level2Scene.swift in Sources */,
				DCC4E3061A8976AB000E5E89 /* ItemClass.swift in Sources */,
				DC27113E1A85E1AB00986D2E /* GameScene.swift in Sources */,
				2F62CE571A89C21000046DA7 /* MineThrowerNode.swift in Sources */,
				DC1F57C11A88087500B5027B /* AppDelegate.swift in Sources */,
				DCC4E3791A8EEE59000E5E89 /* StoreScene.swift in Sources */,
				DC2711441A85E1DE00986D2E /* WizardClass.swift in Sources */,
				DC1F58131A88703500B5027B /* Bomb.swift in Sources */,
				DCC4E30A1A8DB082000E5E89 /* level5Scene.swift in Sources */,
				DC1F580D1A882D3200B5027B /* MainMenuScene.swift in Sources */,
				DC2711481A85E26100986D2E /* GameViewController.swift in Sources */,
			);
			runOnlyForDeploymentPostprocessing = 0;
		};
		DC2711291A85E11900986D2E /* Sources */ = {
			isa = PBXSourcesBuildPhase;
			buildActionMask = 2147483647;
			files = (
				DC2711341A85E11900986D2E /* RPGWARRIORTests.swift in Sources */,
			);
			runOnlyForDeploymentPostprocessing = 0;
		};
/* End PBXSourcesBuildPhase section */

/* Begin PBXTargetDependency section */
		DC27112F1A85E11900986D2E /* PBXTargetDependency */ = {
			isa = PBXTargetDependency;
			target = DC2711131A85E11900986D2E /* RPGWARRIOR */;
			targetProxy = DC27112E1A85E11900986D2E /* PBXContainerItemProxy */;
		};
/* End PBXTargetDependency section */

/* Begin PBXVariantGroup section */
		DC2711211A85E11900986D2E /* Main.storyboard */ = {
			isa = PBXVariantGroup;
			children = (
				DC2711221A85E11900986D2E /* Base */,
			);
			name = Main.storyboard;
			sourceTree = "<group>";
		};
		DC2711261A85E11900986D2E /* LaunchScreen.xib */ = {
			isa = PBXVariantGroup;
			children = (
				DC2711271A85E11900986D2E /* Base */,
			);
			name = LaunchScreen.xib;
			sourceTree = "<group>";
		};
/* End PBXVariantGroup section */

/* Begin XCBuildConfiguration section */
		DC2711351A85E11900986D2E /* Debug */ = {
			isa = XCBuildConfiguration;
			buildSettings = {
				ALWAYS_SEARCH_USER_PATHS = NO;
				CLANG_CXX_LANGUAGE_STANDARD = "gnu++0x";
				CLANG_CXX_LIBRARY = "libc++";
				CLANG_ENABLE_MODULES = YES;
				CLANG_ENABLE_OBJC_ARC = YES;
				CLANG_WARN_BOOL_CONVERSION = YES;
				CLANG_WARN_CONSTANT_CONVERSION = YES;
				CLANG_WARN_DIRECT_OBJC_ISA_USAGE = YES_ERROR;
				CLANG_WARN_EMPTY_BODY = YES;
				CLANG_WARN_ENUM_CONVERSION = YES;
				CLANG_WARN_INT_CONVERSION = YES;
				CLANG_WARN_OBJC_ROOT_CLASS = YES_ERROR;
				CLANG_WARN_UNREACHABLE_CODE = YES;
				CLANG_WARN__DUPLICATE_METHOD_MATCH = YES;
				"CODE_SIGN_IDENTITY[sdk=iphoneos*]" = "iPhone Developer";
				COPY_PHASE_STRIP = NO;
				ENABLE_STRICT_OBJC_MSGSEND = YES;
				GCC_C_LANGUAGE_STANDARD = gnu99;
				GCC_DYNAMIC_NO_PIC = NO;
				GCC_OPTIMIZATION_LEVEL = 0;
				GCC_PREPROCESSOR_DEFINITIONS = (
					"DEBUG=1",
					"$(inherited)",
				);
				GCC_SYMBOLS_PRIVATE_EXTERN = NO;
				GCC_WARN_64_TO_32_BIT_CONVERSION = YES;
				GCC_WARN_ABOUT_RETURN_TYPE = YES_ERROR;
				GCC_WARN_UNDECLARED_SELECTOR = YES;
				GCC_WARN_UNINITIALIZED_AUTOS = YES_AGGRESSIVE;
				GCC_WARN_UNUSED_FUNCTION = YES;
				GCC_WARN_UNUSED_VARIABLE = YES;
				IPHONEOS_DEPLOYMENT_TARGET = 8.1;
				MTL_ENABLE_DEBUG_INFO = YES;
				ONLY_ACTIVE_ARCH = YES;
				SDKROOT = iphoneos;
				SWIFT_OPTIMIZATION_LEVEL = "-Onone";
				TARGETED_DEVICE_FAMILY = "1,2";
			};
			name = Debug;
		};
		DC2711361A85E11900986D2E /* Release */ = {
			isa = XCBuildConfiguration;
			buildSettings = {
				ALWAYS_SEARCH_USER_PATHS = NO;
				CLANG_CXX_LANGUAGE_STANDARD = "gnu++0x";
				CLANG_CXX_LIBRARY = "libc++";
				CLANG_ENABLE_MODULES = YES;
				CLANG_ENABLE_OBJC_ARC = YES;
				CLANG_WARN_BOOL_CONVERSION = YES;
				CLANG_WARN_CONSTANT_CONVERSION = YES;
				CLANG_WARN_DIRECT_OBJC_ISA_USAGE = YES_ERROR;
				CLANG_WARN_EMPTY_BODY = YES;
				CLANG_WARN_ENUM_CONVERSION = YES;
				CLANG_WARN_INT_CONVERSION = YES;
				CLANG_WARN_OBJC_ROOT_CLASS = YES_ERROR;
				CLANG_WARN_UNREACHABLE_CODE = YES;
				CLANG_WARN__DUPLICATE_METHOD_MATCH = YES;
				"CODE_SIGN_IDENTITY[sdk=iphoneos*]" = "iPhone Developer";
				COPY_PHASE_STRIP = YES;
				ENABLE_NS_ASSERTIONS = NO;
				ENABLE_STRICT_OBJC_MSGSEND = YES;
				GCC_C_LANGUAGE_STANDARD = gnu99;
				GCC_WARN_64_TO_32_BIT_CONVERSION = YES;
				GCC_WARN_ABOUT_RETURN_TYPE = YES_ERROR;
				GCC_WARN_UNDECLARED_SELECTOR = YES;
				GCC_WARN_UNINITIALIZED_AUTOS = YES_AGGRESSIVE;
				GCC_WARN_UNUSED_FUNCTION = YES;
				GCC_WARN_UNUSED_VARIABLE = YES;
				IPHONEOS_DEPLOYMENT_TARGET = 8.1;
				MTL_ENABLE_DEBUG_INFO = NO;
				SDKROOT = iphoneos;
				TARGETED_DEVICE_FAMILY = "1,2";
				VALIDATE_PRODUCT = YES;
			};
			name = Release;
		};
		DC2711381A85E11900986D2E /* Debug */ = {
			isa = XCBuildConfiguration;
			buildSettings = {
				ASSETCATALOG_COMPILER_APPICON_NAME = AppIcon;
				INFOPLIST_FILE = RPGWARRIOR/Info.plist;
				LD_RUNPATH_SEARCH_PATHS = "$(inherited) @executable_path/Frameworks";
				PRODUCT_NAME = "$(TARGET_NAME)";
			};
			name = Debug;
		};
		DC2711391A85E11900986D2E /* Release */ = {
			isa = XCBuildConfiguration;
			buildSettings = {
				ASSETCATALOG_COMPILER_APPICON_NAME = AppIcon;
				INFOPLIST_FILE = RPGWARRIOR/Info.plist;
				LD_RUNPATH_SEARCH_PATHS = "$(inherited) @executable_path/Frameworks";
				PRODUCT_NAME = "$(TARGET_NAME)";
			};
			name = Release;
		};
		DC27113B1A85E11900986D2E /* Debug */ = {
			isa = XCBuildConfiguration;
			buildSettings = {
				BUNDLE_LOADER = "$(TEST_HOST)";
				FRAMEWORK_SEARCH_PATHS = (
					"$(SDKROOT)/Developer/Library/Frameworks",
					"$(inherited)",
				);
				GCC_PREPROCESSOR_DEFINITIONS = (
					"DEBUG=1",
					"$(inherited)",
				);
				INFOPLIST_FILE = RPGWARRIORTests/Info.plist;
				LD_RUNPATH_SEARCH_PATHS = "$(inherited) @executable_path/Frameworks @loader_path/Frameworks";
				PRODUCT_NAME = "$(TARGET_NAME)";
				TEST_HOST = "$(BUILT_PRODUCTS_DIR)/RPGWARRIOR.app/RPGWARRIOR";
			};
			name = Debug;
		};
		DC27113C1A85E11900986D2E /* Release */ = {
			isa = XCBuildConfiguration;
			buildSettings = {
				BUNDLE_LOADER = "$(TEST_HOST)";
				FRAMEWORK_SEARCH_PATHS = (
					"$(SDKROOT)/Developer/Library/Frameworks",
					"$(inherited)",
				);
				INFOPLIST_FILE = RPGWARRIORTests/Info.plist;
				LD_RUNPATH_SEARCH_PATHS = "$(inherited) @executable_path/Frameworks @loader_path/Frameworks";
				PRODUCT_NAME = "$(TARGET_NAME)";
				TEST_HOST = "$(BUILT_PRODUCTS_DIR)/RPGWARRIOR.app/RPGWARRIOR";
			};
			name = Release;
		};
/* End XCBuildConfiguration section */

/* Begin XCConfigurationList section */
		DC27110F1A85E11800986D2E /* Build configuration list for PBXProject "RPGWARRIOR" */ = {
			isa = XCConfigurationList;
			buildConfigurations = (
				DC2711351A85E11900986D2E /* Debug */,
				DC2711361A85E11900986D2E /* Release */,
			);
			defaultConfigurationIsVisible = 0;
			defaultConfigurationName = Release;
		};
		DC2711371A85E11900986D2E /* Build configuration list for PBXNativeTarget "RPGWARRIOR" */ = {
			isa = XCConfigurationList;
			buildConfigurations = (
				DC2711381A85E11900986D2E /* Debug */,
				DC2711391A85E11900986D2E /* Release */,
			);
			defaultConfigurationIsVisible = 0;
			defaultConfigurationName = Release;
		};
		DC27113A1A85E11900986D2E /* Build configuration list for PBXNativeTarget "RPGWARRIORTests" */ = {
			isa = XCConfigurationList;
			buildConfigurations = (
				DC27113B1A85E11900986D2E /* Debug */,
				DC27113C1A85E11900986D2E /* Release */,
			);
			defaultConfigurationIsVisible = 0;
			defaultConfigurationName = Release;
		};
/* End XCConfigurationList section */
	};
	rootObject = DC27110C1A85E11800986D2E /* Project object */;
}
