// !$*UTF8*$!
{
	archiveVersion = 1;
	classes = {
	};
	objectVersion = 46;
	objects = {

/* Begin PBXBuildFile section */
		DC1F57C11A88087500B5027B /* AppDelegate.swift in Sources */ = {isa = PBXBuildFile; fileRef = DC27114F1A86A09D00986D2E /* AppDelegate.swift */; };
		DC1F57EA1A88169800B5027B /* projectile_1@2x.png in Resources */ = {isa = PBXBuildFile; fileRef = DC1F57C81A88169800B5027B /* projectile_1@2x.png */; };
		DC1F57EB1A88169800B5027B /* projectile_2@2x.png in Resources */ = {isa = PBXBuildFile; fileRef = DC1F57C91A88169800B5027B /* projectile_2@2x.png */; };
		DC1F57EC1A88169800B5027B /* projectile_3@2x.png in Resources */ = {isa = PBXBuildFile; fileRef = DC1F57CA1A88169800B5027B /* projectile_3@2x.png */; };
		DC1F57ED1A88169800B5027B /* valgrind_desert_forest1.png in Resources */ = {isa = PBXBuildFile; fileRef = DC1F57CB1A88169800B5027B /* valgrind_desert_forest1.png */; };
		DC1F57EE1A88169800B5027B /* walkman1.png in Resources */ = {isa = PBXBuildFile; fileRef = DC1F57CC1A88169800B5027B /* walkman1.png */; };
		DC1F57EF1A88169800B5027B /* walkman2.png in Resources */ = {isa = PBXBuildFile; fileRef = DC1F57CD1A88169800B5027B /* walkman2.png */; };
		DC1F57F01A88169800B5027B /* walkman3.png in Resources */ = {isa = PBXBuildFile; fileRef = DC1F57CE1A88169800B5027B /* walkman3.png */; };
		DC1F57F11A88169800B5027B /* walkman4.png in Resources */ = {isa = PBXBuildFile; fileRef = DC1F57CF1A88169800B5027B /* walkman4.png */; };
		DC1F57F21A88169800B5027B /* walkman5.png in Resources */ = {isa = PBXBuildFile; fileRef = DC1F57D01A88169800B5027B /* walkman5.png */; };
		DC1F57F31A88169800B5027B /* walkman6.png in Resources */ = {isa = PBXBuildFile; fileRef = DC1F57D11A88169800B5027B /* walkman6.png */; };
		DC1F57F41A88169800B5027B /* wizard1.png in Resources */ = {isa = PBXBuildFile; fileRef = DC1F57D21A88169800B5027B /* wizard1.png */; };
		DC1F57F51A88169800B5027B /* wizard10.png in Resources */ = {isa = PBXBuildFile; fileRef = DC1F57D31A88169800B5027B /* wizard10.png */; };
		DC1F57F61A88169800B5027B /* wizard11.png in Resources */ = {isa = PBXBuildFile; fileRef = DC1F57D41A88169800B5027B /* wizard11.png */; };
		DC1F57F71A88169800B5027B /* wizard12.png in Resources */ = {isa = PBXBuildFile; fileRef = DC1F57D51A88169800B5027B /* wizard12.png */; };
		DC1F57F81A88169800B5027B /* wizard13.png in Resources */ = {isa = PBXBuildFile; fileRef = DC1F57D61A88169800B5027B /* wizard13.png */; };
		DC1F57F91A88169800B5027B /* wizard14.png in Resources */ = {isa = PBXBuildFile; fileRef = DC1F57D71A88169800B5027B /* wizard14.png */; };
		DC1F57FA1A88169800B5027B /* wizard15.png in Resources */ = {isa = PBXBuildFile; fileRef = DC1F57D81A88169800B5027B /* wizard15.png */; };
		DC1F57FB1A88169800B5027B /* wizard16.png in Resources */ = {isa = PBXBuildFile; fileRef = DC1F57D91A88169800B5027B /* wizard16.png */; };
		DC1F57FC1A88169800B5027B /* wizard17.png in Resources */ = {isa = PBXBuildFile; fileRef = DC1F57DA1A88169800B5027B /* wizard17.png */; };
		DC1F57FD1A88169800B5027B /* wizard18.png in Resources */ = {isa = PBXBuildFile; fileRef = DC1F57DB1A88169800B5027B /* wizard18.png */; };
		DC1F57FE1A88169800B5027B /* wizard19.png in Resources */ = {isa = PBXBuildFile; fileRef = DC1F57DC1A88169800B5027B /* wizard19.png */; };
		DC1F57FF1A88169800B5027B /* wizard2.png in Resources */ = {isa = PBXBuildFile; fileRef = DC1F57DD1A88169800B5027B /* wizard2.png */; };
		DC1F58001A88169800B5027B /* wizard20.png in Resources */ = {isa = PBXBuildFile; fileRef = DC1F57DE1A88169800B5027B /* wizard20.png */; };
		DC1F58011A88169800B5027B /* wizard21.png in Resources */ = {isa = PBXBuildFile; fileRef = DC1F57DF1A88169800B5027B /* wizard21.png */; };
		DC1F58021A88169800B5027B /* wizard22.png in Resources */ = {isa = PBXBuildFile; fileRef = DC1F57E01A88169800B5027B /* wizard22.png */; };
		DC1F58031A88169800B5027B /* wizard23.png in Resources */ = {isa = PBXBuildFile; fileRef = DC1F57E11A88169800B5027B /* wizard23.png */; };
		DC1F58041A88169800B5027B /* wizard24.png in Resources */ = {isa = PBXBuildFile; fileRef = DC1F57E21A88169800B5027B /* wizard24.png */; };
		DC1F58051A88169800B5027B /* wizard3.png in Resources */ = {isa = PBXBuildFile; fileRef = DC1F57E31A88169800B5027B /* wizard3.png */; };
		DC1F58061A88169800B5027B /* wizard4.png in Resources */ = {isa = PBXBuildFile; fileRef = DC1F57E41A88169800B5027B /* wizard4.png */; };
		DC1F58071A88169800B5027B /* wizard5.png in Resources */ = {isa = PBXBuildFile; fileRef = DC1F57E51A88169800B5027B /* wizard5.png */; };
		DC1F58081A88169800B5027B /* wizard6.png in Resources */ = {isa = PBXBuildFile; fileRef = DC1F57E61A88169800B5027B /* wizard6.png */; };
		DC1F58091A88169800B5027B /* wizard7.png in Resources */ = {isa = PBXBuildFile; fileRef = DC1F57E71A88169800B5027B /* wizard7.png */; };
		DC1F580A1A88169800B5027B /* wizard8.png in Resources */ = {isa = PBXBuildFile; fileRef = DC1F57E81A88169800B5027B /* wizard8.png */; };
		DC1F580B1A88169800B5027B /* wizard9.png in Resources */ = {isa = PBXBuildFile; fileRef = DC1F57E91A88169800B5027B /* wizard9.png */; };
		DC1F580D1A882D3200B5027B /* MainMenuScene.swift in Sources */ = {isa = PBXBuildFile; fileRef = DC1F580C1A882D3200B5027B /* MainMenuScene.swift */; };
		DC1F580F1A886BB100B5027B /* Level2Scene.swift in Sources */ = {isa = PBXBuildFile; fileRef = DC1F580E1A886BB100B5027B /* Level2Scene.swift */; };
		DC1F58111A886EFC00B5027B /* BomberClass.swift in Sources */ = {isa = PBXBuildFile; fileRef = DC1F58101A886EFC00B5027B /* BomberClass.swift */; };
		DC1F58131A88703500B5027B /* Bomb.swift in Sources */ = {isa = PBXBuildFile; fileRef = DC1F58121A88703500B5027B /* Bomb.swift */; };
		DC1F581A1A88735300B5027B /* LightParticle.sks in Resources */ = {isa = PBXBuildFile; fileRef = DC1F58181A88735300B5027B /* LightParticle.sks */; };
		DC1F581B1A88735300B5027B /* spark.png in Resources */ = {isa = PBXBuildFile; fileRef = DC1F58191A88735300B5027B /* spark.png */; };
		DC2711231A85E11900986D2E /* Main.storyboard in Resources */ = {isa = PBXBuildFile; fileRef = DC2711211A85E11900986D2E /* Main.storyboard */; };
		DC2711251A85E11900986D2E /* Images.xcassets in Resources */ = {isa = PBXBuildFile; fileRef = DC2711241A85E11900986D2E /* Images.xcassets */; };
		DC2711281A85E11900986D2E /* LaunchScreen.xib in Resources */ = {isa = PBXBuildFile; fileRef = DC2711261A85E11900986D2E /* LaunchScreen.xib */; };
		DC2711341A85E11900986D2E /* RPGWARRIORTests.swift in Sources */ = {isa = PBXBuildFile; fileRef = DC2711331A85E11900986D2E /* RPGWARRIORTests.swift */; };
		DC27113E1A85E1AB00986D2E /* GameScene.swift in Sources */ = {isa = PBXBuildFile; fileRef = DC27113D1A85E1AB00986D2E /* GameScene.swift */; };
		DC2711421A85E1D300986D2E /* Utility.swift in Sources */ = {isa = PBXBuildFile; fileRef = DC2711411A85E1D300986D2E /* Utility.swift */; };
		DC2711441A85E1DE00986D2E /* WizardClass.swift in Sources */ = {isa = PBXBuildFile; fileRef = DC2711431A85E1DE00986D2E /* WizardClass.swift */; };
		DC2711461A85E1F500986D2E /* HeroClass.swift in Sources */ = {isa = PBXBuildFile; fileRef = DC2711451A85E1F500986D2E /* HeroClass.swift */; };
		DC2711481A85E26100986D2E /* GameViewController.swift in Sources */ = {isa = PBXBuildFile; fileRef = DC2711471A85E26100986D2E /* GameViewController.swift */; };
		DC27114A1A85E26C00986D2E /* Fireball.swift in Sources */ = {isa = PBXBuildFile; fileRef = DC2711491A85E26C00986D2E /* Fireball.swift */; };
		DCC4E3021A89760E000E5E89 /* Inventory.swift in Sources */ = {isa = PBXBuildFile; fileRef = DCC4E3011A89760E000E5E89 /* Inventory.swift */; };
		DCC4E3041A897671000E5E89 /* ItemSpaceNode.swift in Sources */ = {isa = PBXBuildFile; fileRef = DCC4E3031A897671000E5E89 /* ItemSpaceNode.swift */; };
		DCC4E3061A8976AB000E5E89 /* ItemClass.swift in Sources */ = {isa = PBXBuildFile; fileRef = DCC4E3051A8976AB000E5E89 /* ItemClass.swift */; };
		DCC4E3081A898927000E5E89 /* noobSword.png in Resources */ = {isa = PBXBuildFile; fileRef = DCC4E3071A898927000E5E89 /* noobSword.png */; };
/* End PBXBuildFile section */

/* Begin PBXContainerItemProxy section */
		DC27112E1A85E11900986D2E /* PBXContainerItemProxy */ = {
			isa = PBXContainerItemProxy;
			containerPortal = DC27110C1A85E11800986D2E /* Project object */;
			proxyType = 1;
			remoteGlobalIDString = DC2711131A85E11900986D2E;
			remoteInfo = RPGWARRIOR;
		};
/* End PBXContainerItemProxy section */

/* Begin PBXFileReference section */
		DC1F57C81A88169800B5027B /* projectile_1@2x.png */ = {isa = PBXFileReference; lastKnownFileType = image.png; path = "projectile_1@2x.png"; sourceTree = "<group>"; };
		DC1F57C91A88169800B5027B /* projectile_2@2x.png */ = {isa = PBXFileReference; lastKnownFileType = image.png; path = "projectile_2@2x.png"; sourceTree = "<group>"; };
		DC1F57CA1A88169800B5027B /* projectile_3@2x.png */ = {isa = PBXFileReference; lastKnownFileType = image.png; path = "projectile_3@2x.png"; sourceTree = "<group>"; };
		DC1F57CB1A88169800B5027B /* valgrind_desert_forest1.png */ = {isa = PBXFileReference; lastKnownFileType = image.png; path = valgrind_desert_forest1.png; sourceTree = "<group>"; };
		DC1F57CC1A88169800B5027B /* walkman1.png */ = {isa = PBXFileReference; lastKnownFileType = image.png; path = walkman1.png; sourceTree = "<group>"; };
		DC1F57CD1A88169800B5027B /* walkman2.png */ = {isa = PBXFileReference; lastKnownFileType = image.png; path = walkman2.png; sourceTree = "<group>"; };
		DC1F57CE1A88169800B5027B /* walkman3.png */ = {isa = PBXFileReference; lastKnownFileType = image.png; path = walkman3.png; sourceTree = "<group>"; };
		DC1F57CF1A88169800B5027B /* walkman4.png */ = {isa = PBXFileReference; lastKnownFileType = image.png; path = walkman4.png; sourceTree = "<group>"; };
		DC1F57D01A88169800B5027B /* walkman5.png */ = {isa = PBXFileReference; lastKnownFileType = image.png; path = walkman5.png; sourceTree = "<group>"; };
		DC1F57D11A88169800B5027B /* walkman6.png */ = {isa = PBXFileReference; lastKnownFileType = image.png; path = walkman6.png; sourceTree = "<group>"; };
		DC1F57D21A88169800B5027B /* wizard1.png */ = {isa = PBXFileReference; lastKnownFileType = image.png; path = wizard1.png; sourceTree = "<group>"; };
		DC1F57D31A88169800B5027B /* wizard10.png */ = {isa = PBXFileReference; lastKnownFileType = image.png; path = wizard10.png; sourceTree = "<group>"; };
		DC1F57D41A88169800B5027B /* wizard11.png */ = {isa = PBXFileReference; lastKnownFileType = image.png; path = wizard11.png; sourceTree = "<group>"; };
		DC1F57D51A88169800B5027B /* wizard12.png */ = {isa = PBXFileReference; lastKnownFileType = image.png; path = wizard12.png; sourceTree = "<group>"; };
		DC1F57D61A88169800B5027B /* wizard13.png */ = {isa = PBXFileReference; lastKnownFileType = image.png; path = wizard13.png; sourceTree = "<group>"; };
		DC1F57D71A88169800B5027B /* wizard14.png */ = {isa = PBXFileReference; lastKnownFileType = image.png; path = wizard14.png; sourceTree = "<group>"; };
		DC1F57D81A88169800B5027B /* wizard15.png */ = {isa = PBXFileReference; lastKnownFileType = image.png; path = wizard15.png; sourceTree = "<group>"; };
		DC1F57D91A88169800B5027B /* wizard16.png */ = {isa = PBXFileReference; lastKnownFileType = image.png; path = wizard16.png; sourceTree = "<group>"; };
		DC1F57DA1A88169800B5027B /* wizard17.png */ = {isa = PBXFileReference; lastKnownFileType = image.png; path = wizard17.png; sourceTree = "<group>"; };
		DC1F57DB1A88169800B5027B /* wizard18.png */ = {isa = PBXFileReference; lastKnownFileType = image.png; path = wizard18.png; sourceTree = "<group>"; };
		DC1F57DC1A88169800B5027B /* wizard19.png */ = {isa = PBXFileReference; lastKnownFileType = image.png; path = wizard19.png; sourceTree = "<group>"; };
		DC1F57DD1A88169800B5027B /* wizard2.png */ = {isa = PBXFileReference; lastKnownFileType = image.png; path = wizard2.png; sourceTree = "<group>"; };
		DC1F57DE1A88169800B5027B /* wizard20.png */ = {isa = PBXFileReference; lastKnownFileType = image.png; path = wizard20.png; sourceTree = "<group>"; };
		DC1F57DF1A88169800B5027B /* wizard21.png */ = {isa = PBXFileReference; lastKnownFileType = image.png; path = wizard21.png; sourceTree = "<group>"; };
		DC1F57E01A88169800B5027B /* wizard22.png */ = {isa = PBXFileReference; lastKnownFileType = image.png; path = wizard22.png; sourceTree = "<group>"; };
		DC1F57E11A88169800B5027B /* wizard23.png */ = {isa = PBXFileReference; lastKnownFileType = image.png; path = wizard23.png; sourceTree = "<group>"; };
		DC1F57E21A88169800B5027B /* wizard24.png */ = {isa = PBXFileReference; lastKnownFileType = image.png; path = wizard24.png; sourceTree = "<group>"; };
		DC1F57E31A88169800B5027B /* wizard3.png */ = {isa = PBXFileReference; lastKnownFileType = image.png; path = wizard3.png; sourceTree = "<group>"; };
		DC1F57E41A88169800B5027B /* wizard4.png */ = {isa = PBXFileReference; lastKnownFileType = image.png; path = wizard4.png; sourceTree = "<group>"; };
		DC1F57E51A88169800B5027B /* wizard5.png */ = {isa = PBXFileReference; lastKnownFileType = image.png; path = wizard5.png; sourceTree = "<group>"; };
		DC1F57E61A88169800B5027B /* wizard6.png */ = {isa = PBXFileReference; lastKnownFileType = image.png; path = wizard6.png; sourceTree = "<group>"; };
		DC1F57E71A88169800B5027B /* wizard7.png */ = {isa = PBXFileReference; lastKnownFileType = image.png; path = wizard7.png; sourceTree = "<group>"; };
		DC1F57E81A88169800B5027B /* wizard8.png */ = {isa = PBXFileReference; lastKnownFileType = image.png; path = wizard8.png; sourceTree = "<group>"; };
		DC1F57E91A88169800B5027B /* wizard9.png */ = {isa = PBXFileReference; lastKnownFileType = image.png; path = wizard9.png; sourceTree = "<group>"; };
		DC1F580C1A882D3200B5027B /* MainMenuScene.swift */ = {isa = PBXFileReference; fileEncoding = 4; lastKnownFileType = sourcecode.swift; path = MainMenuScene.swift; sourceTree = "<group>"; };
		DC1F580E1A886BB100B5027B /* Level2Scene.swift */ = {isa = PBXFileReference; fileEncoding = 4; lastKnownFileType = sourcecode.swift; path = Level2Scene.swift; sourceTree = "<group>"; };
		DC1F58101A886EFC00B5027B /* BomberClass.swift */ = {isa = PBXFileReference; fileEncoding = 4; lastKnownFileType = sourcecode.swift; path = BomberClass.swift; sourceTree = "<group>"; };
		DC1F58121A88703500B5027B /* Bomb.swift */ = {isa = PBXFileReference; fileEncoding = 4; lastKnownFileType = sourcecode.swift; path = Bomb.swift; sourceTree = "<group>"; };
		DC1F58181A88735300B5027B /* LightParticle.sks */ = {isa = PBXFileReference; lastKnownFileType = file.sks; path = LightParticle.sks; sourceTree = "<group>"; };
		DC1F58191A88735300B5027B /* spark.png */ = {isa = PBXFileReference; lastKnownFileType = image.png; path = spark.png; sourceTree = "<group>"; };
		DC2711141A85E11900986D2E /* RPGWARRIOR.app */ = {isa = PBXFileReference; explicitFileType = wrapper.application; includeInIndex = 0; path = RPGWARRIOR.app; sourceTree = BUILT_PRODUCTS_DIR; };
		DC2711181A85E11900986D2E /* Info.plist */ = {isa = PBXFileReference; lastKnownFileType = text.plist.xml; path = Info.plist; sourceTree = "<group>"; };
		DC2711221A85E11900986D2E /* Base */ = {isa = PBXFileReference; lastKnownFileType = file.storyboard; name = Base; path = Base.lproj/Main.storyboard; sourceTree = "<group>"; };
		DC2711241A85E11900986D2E /* Images.xcassets */ = {isa = PBXFileReference; lastKnownFileType = folder.assetcatalog; path = Images.xcassets; sourceTree = "<group>"; };
		DC2711271A85E11900986D2E /* Base */ = {isa = PBXFileReference; lastKnownFileType = file.xib; name = Base; path = Base.lproj/LaunchScreen.xib; sourceTree = "<group>"; };
		DC27112D1A85E11900986D2E /* RPGWARRIORTests.xctest */ = {isa = PBXFileReference; explicitFileType = wrapper.cfbundle; includeInIndex = 0; path = RPGWARRIORTests.xctest; sourceTree = BUILT_PRODUCTS_DIR; };
		DC2711321A85E11900986D2E /* Info.plist */ = {isa = PBXFileReference; lastKnownFileType = text.plist.xml; path = Info.plist; sourceTree = "<group>"; };
		DC2711331A85E11900986D2E /* RPGWARRIORTests.swift */ = {isa = PBXFileReference; lastKnownFileType = sourcecode.swift; path = RPGWARRIORTests.swift; sourceTree = "<group>"; };
		DC27113D1A85E1AB00986D2E /* GameScene.swift */ = {isa = PBXFileReference; fileEncoding = 4; lastKnownFileType = sourcecode.swift; path = GameScene.swift; sourceTree = "<group>"; };
		DC2711411A85E1D300986D2E /* Utility.swift */ = {isa = PBXFileReference; fileEncoding = 4; lastKnownFileType = sourcecode.swift; path = Utility.swift; sourceTree = "<group>"; };
		DC2711431A85E1DE00986D2E /* WizardClass.swift */ = {isa = PBXFileReference; fileEncoding = 4; lastKnownFileType = sourcecode.swift; path = WizardClass.swift; sourceTree = "<group>"; };
		DC2711451A85E1F500986D2E /* HeroClass.swift */ = {isa = PBXFileReference; fileEncoding = 4; lastKnownFileType = sourcecode.swift; path = HeroClass.swift; sourceTree = "<group>"; };
		DC2711471A85E26100986D2E /* GameViewController.swift */ = {isa = PBXFileReference; fileEncoding = 4; lastKnownFileType = sourcecode.swift; path = GameViewController.swift; sourceTree = "<group>"; };
		DC2711491A85E26C00986D2E /* Fireball.swift */ = {isa = PBXFileReference; fileEncoding = 4; lastKnownFileType = sourcecode.swift; path = Fireball.swift; sourceTree = "<group>"; };
		DC27114F1A86A09D00986D2E /* AppDelegate.swift */ = {isa = PBXFileReference; fileEncoding = 4; lastKnownFileType = sourcecode.swift; path = AppDelegate.swift; sourceTree = "<group>"; };
		DCC4E3011A89760E000E5E89 /* Inventory.swift */ = {isa = PBXFileReference; fileEncoding = 4; lastKnownFileType = sourcecode.swift; path = Inventory.swift; sourceTree = "<group>"; };
		DCC4E3031A897671000E5E89 /* ItemSpaceNode.swift */ = {isa = PBXFileReference; fileEncoding = 4; lastKnownFileType = sourcecode.swift; path = ItemSpaceNode.swift; sourceTree = "<group>"; };
		DCC4E3051A8976AB000E5E89 /* ItemClass.swift */ = {isa = PBXFileReference; fileEncoding = 4; lastKnownFileType = sourcecode.swift; path = ItemClass.swift; sourceTree = "<group>"; };
		DCC4E3071A898927000E5E89 /* noobSword.png */ = {isa = PBXFileReference; lastKnownFileType = image.png; path = noobSword.png; sourceTree = "<group>"; };
/* End PBXFileReference section */

/* Begin PBXFrameworksBuildPhase section */
		DC2711111A85E11900986D2E /* Frameworks */ = {
			isa = PBXFrameworksBuildPhase;
			buildActionMask = 2147483647;
			files = (
			);
			runOnlyForDeploymentPostprocessing = 0;
		};
		DC27112A1A85E11900986D2E /* Frameworks */ = {
			isa = PBXFrameworksBuildPhase;
			buildActionMask = 2147483647;
			files = (
			);
			runOnlyForDeploymentPostprocessing = 0;
		};
/* End PBXFrameworksBuildPhase section */

/* Begin PBXGroup section */
		DC1F57C71A88169800B5027B /* Rpg7 */ = {
			isa = PBXGroup;
			children = (
				DCC4E3071A898927000E5E89 /* noobSword.png */,
				DC1F57C81A88169800B5027B /* projectile_1@2x.png */,
				DC1F57C91A88169800B5027B /* projectile_2@2x.png */,
				DC1F57CA1A88169800B5027B /* projectile_3@2x.png */,
				DC1F57CB1A88169800B5027B /* valgrind_desert_forest1.png */,
				DC1F57CC1A88169800B5027B /* walkman1.png */,
				DC1F57CD1A88169800B5027B /* walkman2.png */,
				DC1F57CE1A88169800B5027B /* walkman3.png */,
				DC1F57CF1A88169800B5027B /* walkman4.png */,
				DC1F57D01A88169800B5027B /* walkman5.png */,
				DC1F57D11A88169800B5027B /* walkman6.png */,
				DC1F57D21A88169800B5027B /* wizard1.png */,
				DC1F57D31A88169800B5027B /* wizard10.png */,
				DC1F57D41A88169800B5027B /* wizard11.png */,
				DC1F57D51A88169800B5027B /* wizard12.png */,
				DC1F57D61A88169800B5027B /* wizard13.png */,
				DC1F57D71A88169800B5027B /* wizard14.png */,
				DC1F57D81A88169800B5027B /* wizard15.png */,
				DC1F57D91A88169800B5027B /* wizard16.png */,
				DC1F57DA1A88169800B5027B /* wizard17.png */,
				DC1F57DB1A88169800B5027B /* wizard18.png */,
				DC1F57DC1A88169800B5027B /* wizard19.png */,
				DC1F57DD1A88169800B5027B /* wizard2.png */,
				DC1F57DE1A88169800B5027B /* wizard20.png */,
				DC1F57DF1A88169800B5027B /* wizard21.png */,
				DC1F57E01A88169800B5027B /* wizard22.png */,
				DC1F57E11A88169800B5027B /* wizard23.png */,
				DC1F57E21A88169800B5027B /* wizard24.png */,
				DC1F57E31A88169800B5027B /* wizard3.png */,
				DC1F57E41A88169800B5027B /* wizard4.png */,
				DC1F57E51A88169800B5027B /* wizard5.png */,
				DC1F57E61A88169800B5027B /* wizard6.png */,
				DC1F57E71A88169800B5027B /* wizard7.png */,
				DC1F57E81A88169800B5027B /* wizard8.png */,
				DC1F57E91A88169800B5027B /* wizard9.png */,
			);
			path = Rpg7;
			sourceTree = "<group>";
		};
		DC27110B1A85E11800986D2E = {
			isa = PBXGroup;
			children = (
				DC2711161A85E11900986D2E /* RPGWARRIOR */,
				DC2711301A85E11900986D2E /* RPGWARRIORTests */,
				DC2711151A85E11900986D2E /* Products */,
			);
			sourceTree = "<group>";
		};
		DC2711151A85E11900986D2E /* Products */ = {
			isa = PBXGroup;
			children = (
				DC2711141A85E11900986D2E /* RPGWARRIOR.app */,
				DC27112D1A85E11900986D2E /* RPGWARRIORTests.xctest */,
			);
			name = Products;
			sourceTree = "<group>";
		};
		DC2711161A85E11900986D2E /* RPGWARRIOR */ = {
			isa = PBXGroup;
			children = (
				DC1F57C71A88169800B5027B /* Rpg7 */,
				DC2711491A85E26C00986D2E /* Fireball.swift */,
				DC1F58121A88703500B5027B /* Bomb.swift */,
				DCC4E3011A89760E000E5E89 /* Inventory.swift */,
				DCC4E3031A897671000E5E89 /* ItemSpaceNode.swift */,
				DCC4E3051A8976AB000E5E89 /* ItemClass.swift */,
				DC1F580C1A882D3200B5027B /* MainMenuScene.swift */,
				DC1F58101A886EFC00B5027B /* BomberClass.swift */,
				DC27114F1A86A09D00986D2E /* AppDelegate.swift */,
				DC2711471A85E26100986D2E /* GameViewController.swift */,
				DC2711451A85E1F500986D2E /* HeroClass.swift */,
				DC2711411A85E1D300986D2E /* Utility.swift */,
				DC2711431A85E1DE00986D2E /* WizardClass.swift */,
				DC27113D1A85E1AB00986D2E /* GameScene.swift */,
				DC1F580E1A886BB100B5027B /* Level2Scene.swift */,
				DC2711211A85E11900986D2E /* Main.storyboard */,
				DC2711241A85E11900986D2E /* Images.xcassets */,
				DC2711261A85E11900986D2E /* LaunchScreen.xib */,
				DC2711171A85E11900986D2E /* Supporting Files */,
				DC1F58181A88735300B5027B /* LightParticle.sks */,
				DC1F58191A88735300B5027B /* spark.png */,
			);
			path = RPGWARRIOR;
			sourceTree = "<group>";
		};
		DC2711171A85E11900986D2E /* Supporting Files */ = {
			isa = PBXGroup;
			children = (
				DC2711181A85E11900986D2E /* Info.plist */,
			);
			name = "Supporting Files";
			sourceTree = "<group>";
		};
		DC2711301A85E11900986D2E /* RPGWARRIORTests */ = {
			isa = PBXGroup;
			children = (
				DC2711331A85E11900986D2E /* RPGWARRIORTests.swift */,
				DC2711311A85E11900986D2E /* Supporting Files */,
			);
			path = RPGWARRIORTests;
			sourceTree = "<group>";
		};
		DC2711311A85E11900986D2E /* Supporting Files */ = {
			isa = PBXGroup;
			children = (
				DC2711321A85E11900986D2E /* Info.plist */,
			);
			name = "Supporting Files";
			sourceTree = "<group>";
		};
/* End PBXGroup section */

/* Begin PBXNativeTarget section */
		DC2711131A85E11900986D2E /* RPGWARRIOR */ = {
			isa = PBXNativeTarget;
			buildConfigurationList = DC2711371A85E11900986D2E /* Build configuration list for PBXNativeTarget "RPGWARRIOR" */;
			buildPhases = (
				DC2711101A85E11900986D2E /* Sources */,
				DC2711111A85E11900986D2E /* Frameworks */,
				DC2711121A85E11900986D2E /* Resources */,
			);
			buildRules = (
			);
			dependencies = (
			);
			name = RPGWARRIOR;
			productName = RPGWARRIOR;
			productReference = DC2711141A85E11900986D2E /* RPGWARRIOR.app */;
			productType = "com.apple.product-type.application";
		};
		DC27112C1A85E11900986D2E /* RPGWARRIORTests */ = {
			isa = PBXNativeTarget;
			buildConfigurationList = DC27113A1A85E11900986D2E /* Build configuration list for PBXNativeTarget "RPGWARRIORTests" */;
			buildPhases = (
				DC2711291A85E11900986D2E /* Sources */,
				DC27112A1A85E11900986D2E /* Frameworks */,
				DC27112B1A85E11900986D2E /* Resources */,
			);
			buildRules = (
			);
			dependencies = (
				DC27112F1A85E11900986D2E /* PBXTargetDependency */,
			);
			name = RPGWARRIORTests;
			productName = RPGWARRIORTests;
			productReference = DC27112D1A85E11900986D2E /* RPGWARRIORTests.xctest */;
			productType = "com.apple.product-type.bundle.unit-test";
		};
/* End PBXNativeTarget section */

/* Begin PBXProject section */
		DC27110C1A85E11800986D2E /* Project object */ = {
			isa = PBXProject;
			attributes = {
				LastUpgradeCheck = 0610;
				ORGANIZATIONNAME = "Drew Zoellner";
				TargetAttributes = {
					DC2711131A85E11900986D2E = {
						CreatedOnToolsVersion = 6.1.1;
					};
					DC27112C1A85E11900986D2E = {
						CreatedOnToolsVersion = 6.1.1;
						TestTargetID = DC2711131A85E11900986D2E;
					};
				};
			};
			buildConfigurationList = DC27110F1A85E11800986D2E /* Build configuration list for PBXProject "RPGWARRIOR" */;
			compatibilityVersion = "Xcode 3.2";
			developmentRegion = English;
			hasScannedForEncodings = 0;
			knownRegions = (
				en,
				Base,
			);
			mainGroup = DC27110B1A85E11800986D2E;
			productRefGroup = DC2711151A85E11900986D2E /* Products */;
			projectDirPath = "";
			projectRoot = "";
			targets = (
				DC2711131A85E11900986D2E /* RPGWARRIOR */,
				DC27112C1A85E11900986D2E /* RPGWARRIORTests */,
			);
		};
/* End PBXProject section */

/* Begin PBXResourcesBuildPhase section */
		DC2711121A85E11900986D2E /* Resources */ = {
			isa = PBXResourcesBuildPhase;
			buildActionMask = 2147483647;
			files = (
				DC1F57FF1A88169800B5027B /* wizard2.png in Resources */,
				DC2711281A85E11900986D2E /* LaunchScreen.xib in Resources */,
				DC1F580B1A88169800B5027B /* wizard9.png in Resources */,
				DC1F58041A88169800B5027B /* wizard24.png in Resources */,
				DC1F58061A88169800B5027B /* wizard4.png in Resources */,
				DC1F57ED1A88169800B5027B /* valgrind_desert_forest1.png in Resources */,
				DC1F57FE1A88169800B5027B /* wizard19.png in Resources */,
				DC1F57FC1A88169800B5027B /* wizard17.png in Resources */,
				DC1F58031A88169800B5027B /* wizard23.png in Resources */,
				DC1F57FA1A88169800B5027B /* wizard15.png in Resources */,
				DC1F58051A88169800B5027B /* wizard3.png in Resources */,
				DC1F57FD1A88169800B5027B /* wizard18.png in Resources */,
				DC1F57F61A88169800B5027B /* wizard11.png in Resources */,
				DC1F57F71A88169800B5027B /* wizard12.png in Resources */,
				DC1F57F51A88169800B5027B /* wizard10.png in Resources */,
				DC1F57F91A88169800B5027B /* wizard14.png in Resources */,
				DC1F580A1A88169800B5027B /* wizard8.png in Resources */,
				DC1F57EA1A88169800B5027B /* projectile_1@2x.png in Resources */,
				DC1F57F31A88169800B5027B /* walkman6.png in Resources */,
				DC1F57EE1A88169800B5027B /* walkman1.png in Resources */,
				DC1F58001A88169800B5027B /* wizard20.png in Resources */,
				DC1F57F81A88169800B5027B /* wizard13.png in Resources */,
				DC1F581A1A88735300B5027B /* LightParticle.sks in Resources */,
				DC1F57EF1A88169800B5027B /* walkman2.png in Resources */,
				DC1F58011A88169800B5027B /* wizard21.png in Resources */,
				DC2711251A85E11900986D2E /* Images.xcassets in Resources */,
				DC1F57EC1A88169800B5027B /* projectile_3@2x.png in Resources */,
				DC1F58021A88169800B5027B /* wizard22.png in Resources */,
				DC1F57F21A88169800B5027B /* walkman5.png in Resources */,
				DC1F57EB1A88169800B5027B /* projectile_2@2x.png in Resources */,
				DC2711231A85E11900986D2E /* Main.storyboard in Resources */,
				DC1F581B1A88735300B5027B /* spark.png in Resources */,
				DC1F57FB1A88169800B5027B /* wizard16.png in Resources */,
				DC1F58081A88169800B5027B /* wizard6.png in Resources */,
				DC1F58091A88169800B5027B /* wizard7.png in Resources */,
				DC1F57F01A88169800B5027B /* walkman3.png in Resources */,
				DC1F58071A88169800B5027B /* wizard5.png in Resources */,
				DCC4E3081A898927000E5E89 /* noobSword.png in Resources */,
				DC1F57F41A88169800B5027B /* wizard1.png in Resources */,
				DC1F57F11A88169800B5027B /* walkman4.png in Resources */,
			);
			runOnlyForDeploymentPostprocessing = 0;
		};
		DC27112B1A85E11900986D2E /* Resources */ = {
			isa = PBXResourcesBuildPhase;
			buildActionMask = 2147483647;
			files = (
			);
			runOnlyForDeploymentPostprocessing = 0;
		};
/* End PBXResourcesBuildPhase section */

/* Begin PBXSourcesBuildPhase section */
		DC2711101A85E11900986D2E /* Sources */ = {
			isa = PBXSourcesBuildPhase;
			buildActionMask = 2147483647;
			files = (
				DCC4E3021A89760E000E5E89 /* Inventory.swift in Sources */,
				DC27114A1A85E26C00986D2E /* Fireball.swift in Sources */,
				DC2711461A85E1F500986D2E /* HeroClass.swift in Sources */,
				DC2711421A85E1D300986D2E /* Utility.swift in Sources */,
				DC1F58111A886EFC00B5027B /* BomberClass.swift in Sources */,
				DCC4E3041A897671000E5E89 /* ItemSpaceNode.swift in Sources */,
				DC1F580F1A886BB100B5027B /* Level2Scene.swift in Sources */,
				DCC4E3061A8976AB000E5E89 /* ItemClass.swift in Sources */,
				DC27113E1A85E1AB00986D2E /* GameScene.swift in Sources */,
				DC1F57C11A88087500B5027B /* AppDelegate.swift in Sources */,
				DC2711441A85E1DE00986D2E /* WizardClass.swift in Sources */,
				DC1F58131A88703500B5027B /* Bomb.swift in Sources */,
				DC1F580D1A882D3200B5027B /* MainMenuScene.swift in Sources */,
				DC2711481A85E26100986D2E /* GameViewController.swift in Sources */,
			);
			runOnlyForDeploymentPostprocessing = 0;
		};
		DC2711291A85E11900986D2E /* Sources */ = {
			isa = PBXSourcesBuildPhase;
			buildActionMask = 2147483647;
			files = (
				DC2711341A85E11900986D2E /* RPGWARRIORTests.swift in Sources */,
			);
			runOnlyForDeploymentPostprocessing = 0;
		};
/* End PBXSourcesBuildPhase section */

/* Begin PBXTargetDependency section */
		DC27112F1A85E11900986D2E /* PBXTargetDependency */ = {
			isa = PBXTargetDependency;
			target = DC2711131A85E11900986D2E /* RPGWARRIOR */;
			targetProxy = DC27112E1A85E11900986D2E /* PBXContainerItemProxy */;
		};
/* End PBXTargetDependency section */

/* Begin PBXVariantGroup section */
		DC2711211A85E11900986D2E /* Main.storyboard */ = {
			isa = PBXVariantGroup;
			children = (
				DC2711221A85E11900986D2E /* Base */,
			);
			name = Main.storyboard;
			sourceTree = "<group>";
		};
		DC2711261A85E11900986D2E /* LaunchScreen.xib */ = {
			isa = PBXVariantGroup;
			children = (
				DC2711271A85E11900986D2E /* Base */,
			);
			name = LaunchScreen.xib;
			sourceTree = "<group>";
		};
/* End PBXVariantGroup section */

/* Begin XCBuildConfiguration section */
		DC2711351A85E11900986D2E /* Debug */ = {
			isa = XCBuildConfiguration;
			buildSettings = {
				ALWAYS_SEARCH_USER_PATHS = NO;
				CLANG_CXX_LANGUAGE_STANDARD = "gnu++0x";
				CLANG_CXX_LIBRARY = "libc++";
				CLANG_ENABLE_MODULES = YES;
				CLANG_ENABLE_OBJC_ARC = YES;
				CLANG_WARN_BOOL_CONVERSION = YES;
				CLANG_WARN_CONSTANT_CONVERSION = YES;
				CLANG_WARN_DIRECT_OBJC_ISA_USAGE = YES_ERROR;
				CLANG_WARN_EMPTY_BODY = YES;
				CLANG_WARN_ENUM_CONVERSION = YES;
				CLANG_WARN_INT_CONVERSION = YES;
				CLANG_WARN_OBJC_ROOT_CLASS = YES_ERROR;
				CLANG_WARN_UNREACHABLE_CODE = YES;
				CLANG_WARN__DUPLICATE_METHOD_MATCH = YES;
				"CODE_SIGN_IDENTITY[sdk=iphoneos*]" = "iPhone Developer";
				COPY_PHASE_STRIP = NO;
				ENABLE_STRICT_OBJC_MSGSEND = YES;
				GCC_C_LANGUAGE_STANDARD = gnu99;
				GCC_DYNAMIC_NO_PIC = NO;
				GCC_OPTIMIZATION_LEVEL = 0;
				GCC_PREPROCESSOR_DEFINITIONS = (
					"DEBUG=1",
					"$(inherited)",
				);
				GCC_SYMBOLS_PRIVATE_EXTERN = NO;
				GCC_WARN_64_TO_32_BIT_CONVERSION = YES;
				GCC_WARN_ABOUT_RETURN_TYPE = YES_ERROR;
				GCC_WARN_UNDECLARED_SELECTOR = YES;
				GCC_WARN_UNINITIALIZED_AUTOS = YES_AGGRESSIVE;
				GCC_WARN_UNUSED_FUNCTION = YES;
				GCC_WARN_UNUSED_VARIABLE = YES;
				IPHONEOS_DEPLOYMENT_TARGET = 8.1;
				MTL_ENABLE_DEBUG_INFO = YES;
				ONLY_ACTIVE_ARCH = YES;
				SDKROOT = iphoneos;
				SWIFT_OPTIMIZATION_LEVEL = "-Onone";
				TARGETED_DEVICE_FAMILY = "1,2";
			};
			name = Debug;
		};
		DC2711361A85E11900986D2E /* Release */ = {
			isa = XCBuildConfiguration;
			buildSettings = {
				ALWAYS_SEARCH_USER_PATHS = NO;
				CLANG_CXX_LANGUAGE_STANDARD = "gnu++0x";
				CLANG_CXX_LIBRARY = "libc++";
				CLANG_ENABLE_MODULES = YES;
				CLANG_ENABLE_OBJC_ARC = YES;
				CLANG_WARN_BOOL_CONVERSION = YES;
				CLANG_WARN_CONSTANT_CONVERSION = YES;
				CLANG_WARN_DIRECT_OBJC_ISA_USAGE = YES_ERROR;
				CLANG_WARN_EMPTY_BODY = YES;
				CLANG_WARN_ENUM_CONVERSION = YES;
				CLANG_WARN_INT_CONVERSION = YES;
				CLANG_WARN_OBJC_ROOT_CLASS = YES_ERROR;
				CLANG_WARN_UNREACHABLE_CODE = YES;
				CLANG_WARN__DUPLICATE_METHOD_MATCH = YES;
				"CODE_SIGN_IDENTITY[sdk=iphoneos*]" = "iPhone Developer";
				COPY_PHASE_STRIP = YES;
				ENABLE_NS_ASSERTIONS = NO;
				ENABLE_STRICT_OBJC_MSGSEND = YES;
				GCC_C_LANGUAGE_STANDARD = gnu99;
				GCC_WARN_64_TO_32_BIT_CONVERSION = YES;
				GCC_WARN_ABOUT_RETURN_TYPE = YES_ERROR;
				GCC_WARN_UNDECLARED_SELECTOR = YES;
				GCC_WARN_UNINITIALIZED_AUTOS = YES_AGGRESSIVE;
				GCC_WARN_UNUSED_FUNCTION = YES;
				GCC_WARN_UNUSED_VARIABLE = YES;
				IPHONEOS_DEPLOYMENT_TARGET = 8.1;
				MTL_ENABLE_DEBUG_INFO = NO;
				SDKROOT = iphoneos;
				TARGETED_DEVICE_FAMILY = "1,2";
				VALIDATE_PRODUCT = YES;
			};
			name = Release;
		};
		DC2711381A85E11900986D2E /* Debug */ = {
			isa = XCBuildConfiguration;
			buildSettings = {
				ASSETCATALOG_COMPILER_APPICON_NAME = AppIcon;
				INFOPLIST_FILE = RPGWARRIOR/Info.plist;
				LD_RUNPATH_SEARCH_PATHS = "$(inherited) @executable_path/Frameworks";
				PRODUCT_NAME = "$(TARGET_NAME)";
			};
			name = Debug;
		};
		DC2711391A85E11900986D2E /* Release */ = {
			isa = XCBuildConfiguration;
			buildSettings = {
				ASSETCATALOG_COMPILER_APPICON_NAME = AppIcon;
				INFOPLIST_FILE = RPGWARRIOR/Info.plist;
				LD_RUNPATH_SEARCH_PATHS = "$(inherited) @executable_path/Frameworks";
				PRODUCT_NAME = "$(TARGET_NAME)";
			};
			name = Release;
		};
		DC27113B1A85E11900986D2E /* Debug */ = {
			isa = XCBuildConfiguration;
			buildSettings = {
				BUNDLE_LOADER = "$(TEST_HOST)";
				FRAMEWORK_SEARCH_PATHS = (
					"$(SDKROOT)/Developer/Library/Frameworks",
					"$(inherited)",
				);
				GCC_PREPROCESSOR_DEFINITIONS = (
					"DEBUG=1",
					"$(inherited)",
				);
				INFOPLIST_FILE = RPGWARRIORTests/Info.plist;
				LD_RUNPATH_SEARCH_PATHS = "$(inherited) @executable_path/Frameworks @loader_path/Frameworks";
				PRODUCT_NAME = "$(TARGET_NAME)";
				TEST_HOST = "$(BUILT_PRODUCTS_DIR)/RPGWARRIOR.app/RPGWARRIOR";
			};
			name = Debug;
		};
		DC27113C1A85E11900986D2E /* Release */ = {
			isa = XCBuildConfiguration;
			buildSettings = {
				BUNDLE_LOADER = "$(TEST_HOST)";
				FRAMEWORK_SEARCH_PATHS = (
					"$(SDKROOT)/Developer/Library/Frameworks",
					"$(inherited)",
				);
				INFOPLIST_FILE = RPGWARRIORTests/Info.plist;
				LD_RUNPATH_SEARCH_PATHS = "$(inherited) @executable_path/Frameworks @loader_path/Frameworks";
				PRODUCT_NAME = "$(TARGET_NAME)";
				TEST_HOST = "$(BUILT_PRODUCTS_DIR)/RPGWARRIOR.app/RPGWARRIOR";
			};
			name = Release;
		};
/* End XCBuildConfiguration section */

/* Begin XCConfigurationList section */
		DC27110F1A85E11800986D2E /* Build configuration list for PBXProject "RPGWARRIOR" */ = {
			isa = XCConfigurationList;
			buildConfigurations = (
				DC2711351A85E11900986D2E /* Debug */,
				DC2711361A85E11900986D2E /* Release */,
			);
			defaultConfigurationIsVisible = 0;
			defaultConfigurationName = Release;
		};
		DC2711371A85E11900986D2E /* Build configuration list for PBXNativeTarget "RPGWARRIOR" */ = {
			isa = XCConfigurationList;
			buildConfigurations = (
				DC2711381A85E11900986D2E /* Debug */,
				DC2711391A85E11900986D2E /* Release */,
			);
			defaultConfigurationIsVisible = 0;
			defaultConfigurationName = Release;
		};
		DC27113A1A85E11900986D2E /* Build configuration list for PBXNativeTarget "RPGWARRIORTests" */ = {
			isa = XCConfigurationList;
			buildConfigurations = (
				DC27113B1A85E11900986D2E /* Debug */,
				DC27113C1A85E11900986D2E /* Release */,
			);
			defaultConfigurationIsVisible = 0;
			defaultConfigurationName = Release;
		};
/* End XCConfigurationList section */
	};
	rootObject = DC27110C1A85E11800986D2E /* Project object */;
}
